// !$*UTF8*$!
{
	archiveVersion = 1;
	classes = {
	};
	objectVersion = 55;
	objects = {

/* Begin PBXBuildFile section */
		AD02F96628E4845F00323E4A /* FileManager+Extension.swift in Sources */ = {isa = PBXBuildFile; fileRef = AD02F96528E4845F00323E4A /* FileManager+Extension.swift */; };
		AD02F96928E4847B00323E4A /* Zip in Frameworks */ = {isa = PBXBuildFile; productRef = AD02F96828E4847B00323E4A /* Zip */; };
		AD02F96B28E4926300323E4A /* BackupViewController.swift in Sources */ = {isa = PBXBuildFile; fileRef = AD02F96A28E4926300323E4A /* BackupViewController.swift */; };
		AD02F96F28E4931600323E4A /* BackupTableViewCell.swift in Sources */ = {isa = PBXBuildFile; fileRef = AD02F96E28E4931600323E4A /* BackupTableViewCell.swift */; };
		AD02F97128E49AF500323E4A /* Date+Extension.swift in Sources */ = {isa = PBXBuildFile; fileRef = AD02F97028E49AF500323E4A /* Date+Extension.swift */; };
		AD08D71628DA1A6F00AB0156 /* MapViewModel.swift in Sources */ = {isa = PBXBuildFile; fileRef = AD08D71528DA1A6F00AB0156 /* MapViewModel.swift */; };
		AD17DF2128EBCAB1009BBE7D /* CustomTabBar.swift in Sources */ = {isa = PBXBuildFile; fileRef = AD17DF2028EBCAB1009BBE7D /* CustomTabBar.swift */; };
		AD17DF2328EBDF51009BBE7D /* Package.resolved in Resources */ = {isa = PBXBuildFile; fileRef = AD17DF2228EBDF51009BBE7D /* Package.resolved */; };
		AD3FD2A728EAE62400D66F7E /* LineView.swift in Sources */ = {isa = PBXBuildFile; fileRef = AD3FD2A628EAE62400D66F7E /* LineView.swift */; };
		AD3FD2A928EAEB8100D66F7E /* UILabel+Extension.swift in Sources */ = {isa = PBXBuildFile; fileRef = AD3FD2A828EAEB8100D66F7E /* UILabel+Extension.swift */; };
		AD4D8D8128D306DF00CD2740 /* SearchViewController.swift in Sources */ = {isa = PBXBuildFile; fileRef = AD4D8D8028D306DF00CD2740 /* SearchViewController.swift */; };
		AD4D8D8528D30F7A00CD2740 /* SearchTableViewCell.swift in Sources */ = {isa = PBXBuildFile; fileRef = AD4D8D8428D30F7A00CD2740 /* SearchTableViewCell.swift */; };
		AD4D8D8A28D3163200CD2740 /* Toast in Frameworks */ = {isa = PBXBuildFile; productRef = AD4D8D8928D3163200CD2740 /* Toast */; };
		AD5039B028DC33AE004E328E /* PanModal in Frameworks */ = {isa = PBXBuildFile; productRef = AD5039AF28DC33AE004E328E /* PanModal */; };
		AD5039B228DC6882004E328E /* CharacterImageView.swift in Sources */ = {isa = PBXBuildFile; fileRef = AD5039B128DC6882004E328E /* CharacterImageView.swift */; };
		AD5039B428DC78E1004E328E /* SwipeAction+Extension.swift in Sources */ = {isa = PBXBuildFile; fileRef = AD5039B328DC78E1004E328E /* SwipeAction+Extension.swift */; };
		AD67483628DCCB3800E68F20 /* DetailHistoriesViewController.swift in Sources */ = {isa = PBXBuildFile; fileRef = AD67483528DCCB3800E68F20 /* DetailHistoriesViewController.swift */; };
		AD67483828DCD4E700E68F20 /* DetailHistoriesView.swift in Sources */ = {isa = PBXBuildFile; fileRef = AD67483728DCD4E700E68F20 /* DetailHistoriesView.swift */; };
		AD67483A28DCE05500E68F20 /* AlertLocation+Extension.swift in Sources */ = {isa = PBXBuildFile; fileRef = AD67483928DCE05500E68F20 /* AlertLocation+Extension.swift */; };
		AD67DF1328D46B85004A2734 /* LocationHelper.swift in Sources */ = {isa = PBXBuildFile; fileRef = AD67DF1228D46B85004A2734 /* LocationHelper.swift */; };
		AD67DF1528D47307004A2734 /* CustomAnnotations.swift in Sources */ = {isa = PBXBuildFile; fileRef = AD67DF1428D47307004A2734 /* CustomAnnotations.swift */; };
		AD87226D28E196D60048700A /* .gitignore in Resources */ = {isa = PBXBuildFile; fileRef = AD87226C28E196D60048700A /* .gitignore */; };
		AD87226F28E197290048700A /* APIKeys.swift in Sources */ = {isa = PBXBuildFile; fileRef = AD87226E28E197290048700A /* APIKeys.swift */; };
		AD87227128E197AD0048700A /* Endpoints.swift in Sources */ = {isa = PBXBuildFile; fileRef = AD87227028E197AD0048700A /* Endpoints.swift */; };
		AD87227328E1980C0048700A /* TouristAttractionsAPIManager.swift in Sources */ = {isa = PBXBuildFile; fileRef = AD87227228E1980C0048700A /* TouristAttractionsAPIManager.swift */; };
		AD87227528E198540048700A /* TouristAttractionsData.swift in Sources */ = {isa = PBXBuildFile; fileRef = AD87227428E198540048700A /* TouristAttractionsData.swift */; };
		AD87227728E198C30048700A /* URLSession+Extension.swift in Sources */ = {isa = PBXBuildFile; fileRef = AD87227628E198C30048700A /* URLSession+Extension.swift */; };
		AD87227928E1C0680048700A /* TouristAttractions.swift in Sources */ = {isa = PBXBuildFile; fileRef = AD87227828E1C0680048700A /* TouristAttractions.swift */; };
		AD87227B28E1DD350048700A /* TouristAttractions+Repository.swift in Sources */ = {isa = PBXBuildFile; fileRef = AD87227A28E1DD350048700A /* TouristAttractions+Repository.swift */; };
		AD93E66C28D092B700680F3A /* HistoriesViewController.swift in Sources */ = {isa = PBXBuildFile; fileRef = AD93E66B28D092B700680F3A /* HistoriesViewController.swift */; };
		AD93E66E28D092D000680F3A /* HistoriesView.swift in Sources */ = {isa = PBXBuildFile; fileRef = AD93E66D28D092D000680F3A /* HistoriesView.swift */; };
		AD94896428D5825E00BAC3B8 /* AnnotationData.swift in Sources */ = {isa = PBXBuildFile; fileRef = AD94896328D5825E00BAC3B8 /* AnnotationData.swift */; };
		AD94896628D5831E00BAC3B8 /* CustomCallout.swift in Sources */ = {isa = PBXBuildFile; fileRef = AD94896528D5831E00BAC3B8 /* CustomCallout.swift */; };
		AD94896A28D58AB100BAC3B8 /* BaseLabel.swift in Sources */ = {isa = PBXBuildFile; fileRef = AD94896928D58AB100BAC3B8 /* BaseLabel.swift */; };
		AD94896E28D58C6D00BAC3B8 /* CompanionViewModel.swift in Sources */ = {isa = PBXBuildFile; fileRef = AD94896D28D58C6D00BAC3B8 /* CompanionViewModel.swift */; };
		AD9B72B028DC308B00EBE70A /* Realm in Frameworks */ = {isa = PBXBuildFile; productRef = AD9B72AF28DC308B00EBE70A /* Realm */; };
		AD9B72B228DC308B00EBE70A /* RealmSwift in Frameworks */ = {isa = PBXBuildFile; productRef = AD9B72B128DC308B00EBE70A /* RealmSwift */; };
		ADA6706928E9952A00F2F170 /* SearchAPIManager.swift in Sources */ = {isa = PBXBuildFile; fileRef = ADA6706828E9952A00F2F170 /* SearchAPIManager.swift */; };
		ADA6706B28E99C8700F2F170 /* SearchData.swift in Sources */ = {isa = PBXBuildFile; fileRef = ADA6706A28E99C8700F2F170 /* SearchData.swift */; };
		ADA6706D28E9A95C00F2F170 /* RecommendationsViewModel.swift in Sources */ = {isa = PBXBuildFile; fileRef = ADA6706C28E9A95C00F2F170 /* RecommendationsViewModel.swift */; };
		ADA6706F28E9AD2400F2F170 /* SearchViewModel.swift in Sources */ = {isa = PBXBuildFile; fileRef = ADA6706E28E9AD2400F2F170 /* SearchViewModel.swift */; };
		ADA6707428E9BAFE00F2F170 /* String+Extension.swift in Sources */ = {isa = PBXBuildFile; fileRef = ADA6707328E9BAFE00F2F170 /* String+Extension.swift */; };
		ADA6707F28EA096200F2F170 /* DetailHistoriesViewModel.swift in Sources */ = {isa = PBXBuildFile; fileRef = ADA6707E28EA096200F2F170 /* DetailHistoriesViewModel.swift */; };
		ADAA1D4128D5987C00A60C61 /* AlertMessage+Extension.swift in Sources */ = {isa = PBXBuildFile; fileRef = ADAA1D4028D5987C00A60C61 /* AlertMessage+Extension.swift */; };
		ADAA1D4328D5B5C000A60C61 /* BaseButton.swift in Sources */ = {isa = PBXBuildFile; fileRef = ADAA1D4228D5B5C000A60C61 /* BaseButton.swift */; };
		ADAA1D4728D5D04300A60C61 /* HistoriesTableViewCell.swift in Sources */ = {isa = PBXBuildFile; fileRef = ADAA1D4628D5D04300A60C61 /* HistoriesTableViewCell.swift */; };
		ADAA1D4B28D5D14100A60C61 /* HistoriesViewModel.swift in Sources */ = {isa = PBXBuildFile; fileRef = ADAA1D4A28D5D14100A60C61 /* HistoriesViewModel.swift */; };
		ADB6C17F2907B74200C727F6 /* CompanionsWithCVViewController.swift in Sources */ = {isa = PBXBuildFile; fileRef = ADB6C17E2907B74200C727F6 /* CompanionsWithCVViewController.swift */; };
		ADB6C1812907BD3400C727F6 /* CompanionsWithCVView.swift in Sources */ = {isa = PBXBuildFile; fileRef = ADB6C1802907BD3400C727F6 /* CompanionsWithCVView.swift */; };
		ADB6C1832907BFFC00C727F6 /* CompanionsCollectionViewCell.swift in Sources */ = {isa = PBXBuildFile; fileRef = ADB6C1822907BFFC00C727F6 /* CompanionsCollectionViewCell.swift */; };
		ADB6C1852907C1E100C727F6 /* Results+Extension.swift in Sources */ = {isa = PBXBuildFile; fileRef = ADB6C1842907C1E100C727F6 /* Results+Extension.swift */; };
		ADB6C18929080E0000C727F6 /* List+Extension.swift in Sources */ = {isa = PBXBuildFile; fileRef = ADB6C18829080E0000C727F6 /* List+Extension.swift */; };
		ADBDE5FE28F54C1D00745991 /* FirebaseAnalyticsWithoutAdIdSupport in Frameworks */ = {isa = PBXBuildFile; productRef = ADBDE5FD28F54C1D00745991 /* FirebaseAnalyticsWithoutAdIdSupport */; };
		ADBDE60028F54C1D00745991 /* FirebaseCrashlytics in Frameworks */ = {isa = PBXBuildFile; productRef = ADBDE5FF28F54C1D00745991 /* FirebaseCrashlytics */; };
		ADBDE60228F54C1D00745991 /* FirebaseMessaging in Frameworks */ = {isa = PBXBuildFile; productRef = ADBDE60128F54C1D00745991 /* FirebaseMessaging */; };
		ADBDE60628F5670400745991 /* GoogleService-Info.plist in Resources */ = {isa = PBXBuildFile; fileRef = ADBDE60528F5670300745991 /* GoogleService-Info.plist */; };
		ADBE769E28D84D6F00B1579E /* CurrentTrip.swift in Sources */ = {isa = PBXBuildFile; fileRef = ADBE769D28D84D6F00B1579E /* CurrentTrip.swift */; };
		ADBE76A028D84D8200B1579E /* TripHistory.swift in Sources */ = {isa = PBXBuildFile; fileRef = ADBE769F28D84D8200B1579E /* TripHistory.swift */; };
		ADBE76A428D858C900B1579E /* TripHistory+Repository.swift in Sources */ = {isa = PBXBuildFile; fileRef = ADBE76A328D858C900B1579E /* TripHistory+Repository.swift */; };
		ADC20A5228D0DAE2004F94F4 /* Reusable+Protocol.swift in Sources */ = {isa = PBXBuildFile; fileRef = ADC20A5128D0DAE2004F94F4 /* Reusable+Protocol.swift */; };
		ADC20A5428D0DB0C004F94F4 /* BaseTableViewCell.swift in Sources */ = {isa = PBXBuildFile; fileRef = ADC20A5328D0DB0C004F94F4 /* BaseTableViewCell.swift */; };
		ADC20A5628D0DC99004F94F4 /* SettingsTableViewCell.swift in Sources */ = {isa = PBXBuildFile; fileRef = ADC20A5528D0DC99004F94F4 /* SettingsTableViewCell.swift */; };
		ADC20A5C28D0E140004F94F4 /* SettingsLabelTexts.swift in Sources */ = {isa = PBXBuildFile; fileRef = ADC20A5B28D0E140004F94F4 /* SettingsLabelTexts.swift */; };
		ADC20A6728D0E506004F94F4 /* CustomCGFloats.swift in Sources */ = {isa = PBXBuildFile; fileRef = ADC20A6628D0E506004F94F4 /* CustomCGFloats.swift */; };
		ADC20A6928D0F317004F94F4 /* BaseTableView.swift in Sources */ = {isa = PBXBuildFile; fileRef = ADC20A6828D0F317004F94F4 /* BaseTableView.swift */; };
		ADC7566028D97E5C00A2B41C /* StartingViewController.swift in Sources */ = {isa = PBXBuildFile; fileRef = ADC7565F28D97E5C00A2B41C /* StartingViewController.swift */; };
		ADC7566428D9822600A2B41C /* ImageData.swift in Sources */ = {isa = PBXBuildFile; fileRef = ADC7566328D9822600A2B41C /* ImageData.swift */; };
		ADC7566A28D9A51400A2B41C /* UserDefaultsHelper.swift in Sources */ = {isa = PBXBuildFile; fileRef = ADC7566928D9A51400A2B41C /* UserDefaultsHelper.swift */; };
		ADC7566C28D9B3FA00A2B41C /* StartingViewModel.swift in Sources */ = {isa = PBXBuildFile; fileRef = ADC7566B28D9B3FA00A2B41C /* StartingViewModel.swift */; };
		ADCFAA5228D058640027656F /* AppDelegate.swift in Sources */ = {isa = PBXBuildFile; fileRef = ADCFAA5128D058640027656F /* AppDelegate.swift */; };
		ADCFAA5428D058640027656F /* SceneDelegate.swift in Sources */ = {isa = PBXBuildFile; fileRef = ADCFAA5328D058640027656F /* SceneDelegate.swift */; };
		ADCFAA5928D058640027656F /* Main.storyboard in Resources */ = {isa = PBXBuildFile; fileRef = ADCFAA5728D058640027656F /* Main.storyboard */; };
		ADCFAA5B28D058670027656F /* Assets.xcassets in Resources */ = {isa = PBXBuildFile; fileRef = ADCFAA5A28D058670027656F /* Assets.xcassets */; };
		ADCFAA5E28D058670027656F /* LaunchScreen.storyboard in Resources */ = {isa = PBXBuildFile; fileRef = ADCFAA5C28D058670027656F /* LaunchScreen.storyboard */; };
		ADCFAA6628D05C9C0027656F /* MainTapBarController.swift in Sources */ = {isa = PBXBuildFile; fileRef = ADCFAA6528D05C9C0027656F /* MainTapBarController.swift */; };
		ADCFAA6828D05E980027656F /* MapViewController.swift in Sources */ = {isa = PBXBuildFile; fileRef = ADCFAA6728D05E980027656F /* MapViewController.swift */; };
		ADCFAA6B28D05ED00027656F /* BaseViewController.swift in Sources */ = {isa = PBXBuildFile; fileRef = ADCFAA6A28D05ED00027656F /* BaseViewController.swift */; };
		ADCFAA6D28D05F460027656F /* BaseView.swift in Sources */ = {isa = PBXBuildFile; fileRef = ADCFAA6C28D05F460027656F /* BaseView.swift */; };
		ADCFAA7728D060410027656F /* SnapKit in Frameworks */ = {isa = PBXBuildFile; productRef = ADCFAA7628D060410027656F /* SnapKit */; };
		ADCFAA8028D063720027656F /* Observable.swift in Sources */ = {isa = PBXBuildFile; fileRef = ADCFAA7F28D063720027656F /* Observable.swift */; };
		ADCFAA9228D069EB0027656F /* SettingsViewController.swift in Sources */ = {isa = PBXBuildFile; fileRef = ADCFAA9128D069EB0027656F /* SettingsViewController.swift */; };
		ADCFAA9C28D0781C0027656F /* TabBarTitles.swift in Sources */ = {isa = PBXBuildFile; fileRef = ADCFAA9B28D0781C0027656F /* TabBarTitles.swift */; };
		ADDFB9B028E3045E00F223E8 /* RecommendationViewController.swift in Sources */ = {isa = PBXBuildFile; fileRef = ADDFB9AF28E3045E00F223E8 /* RecommendationViewController.swift */; };
		ADDFB9B428E306B900F223E8 /* RecommendationTableViewCell.swift in Sources */ = {isa = PBXBuildFile; fileRef = ADDFB9B328E306B900F223E8 /* RecommendationTableViewCell.swift */; };
		ADEEE90828EB553F008F9BB1 /* AcknowList in Frameworks */ = {isa = PBXBuildFile; productRef = ADEEE90728EB553F008F9BB1 /* AcknowList */; };
		ADEEE90A28EB5699008F9BB1 /* SettingViewModel.swift in Sources */ = {isa = PBXBuildFile; fileRef = ADEEE90928EB5699008F9BB1 /* SettingViewModel.swift */; };
		ADEEE90C28EB5DFF008F9BB1 /* FileManagerHelper.swift in Sources */ = {isa = PBXBuildFile; fileRef = ADEEE90B28EB5DFF008F9BB1 /* FileManagerHelper.swift */; };
		ADF1D5B228DB5DF800DDB171 /* BaseTextField.swift in Sources */ = {isa = PBXBuildFile; fileRef = ADF1D5B128DB5DF800DDB171 /* BaseTextField.swift */; };
		ADF1D5B428DB680600DDB171 /* CircleButton.swift in Sources */ = {isa = PBXBuildFile; fileRef = ADF1D5B328DB680600DDB171 /* CircleButton.swift */; };
		ADF1D5B628DB730400DDB171 /* CustomStackView.swift in Sources */ = {isa = PBXBuildFile; fileRef = ADF1D5B528DB730400DDB171 /* CustomStackView.swift */; };
		ADF6166D28DAD3ED00151B6E /* DestinationsViewController.swift in Sources */ = {isa = PBXBuildFile; fileRef = ADF6166C28DAD3ED00151B6E /* DestinationsViewController.swift */; };
		ADF6166F28DAD42A00151B6E /* DestinationsView.swift in Sources */ = {isa = PBXBuildFile; fileRef = ADF6166E28DAD42A00151B6E /* DestinationsView.swift */; };
		ADF6167128DAD4D600151B6E /* DestinationsTableViewCell.swift in Sources */ = {isa = PBXBuildFile; fileRef = ADF6167028DAD4D600151B6E /* DestinationsTableViewCell.swift */; };
		ADF6167928DAE93900151B6E /* Companions.swift in Sources */ = {isa = PBXBuildFile; fileRef = ADF6167828DAE93900151B6E /* Companions.swift */; };
/* End PBXBuildFile section */

/* Begin PBXFileReference section */
		AD02F96528E4845F00323E4A /* FileManager+Extension.swift */ = {isa = PBXFileReference; lastKnownFileType = sourcecode.swift; path = "FileManager+Extension.swift"; sourceTree = "<group>"; };
		AD02F96A28E4926300323E4A /* BackupViewController.swift */ = {isa = PBXFileReference; lastKnownFileType = sourcecode.swift; path = BackupViewController.swift; sourceTree = "<group>"; };
		AD02F96E28E4931600323E4A /* BackupTableViewCell.swift */ = {isa = PBXFileReference; lastKnownFileType = sourcecode.swift; path = BackupTableViewCell.swift; sourceTree = "<group>"; };
		AD02F97028E49AF500323E4A /* Date+Extension.swift */ = {isa = PBXFileReference; lastKnownFileType = sourcecode.swift; path = "Date+Extension.swift"; sourceTree = "<group>"; };
		AD08D71528DA1A6F00AB0156 /* MapViewModel.swift */ = {isa = PBXFileReference; lastKnownFileType = sourcecode.swift; path = MapViewModel.swift; sourceTree = "<group>"; };
		AD17DF2028EBCAB1009BBE7D /* CustomTabBar.swift */ = {isa = PBXFileReference; lastKnownFileType = sourcecode.swift; path = CustomTabBar.swift; sourceTree = "<group>"; };
		AD17DF2228EBDF51009BBE7D /* Package.resolved */ = {isa = PBXFileReference; fileEncoding = 4; lastKnownFileType = text; name = Package.resolved; path = ShareMyTrip.xcodeproj/project.xcworkspace/xcshareddata/swiftpm/Package.resolved; sourceTree = "<group>"; };
		AD3FD2A628EAE62400D66F7E /* LineView.swift */ = {isa = PBXFileReference; lastKnownFileType = sourcecode.swift; path = LineView.swift; sourceTree = "<group>"; };
		AD3FD2A828EAEB8100D66F7E /* UILabel+Extension.swift */ = {isa = PBXFileReference; lastKnownFileType = sourcecode.swift; path = "UILabel+Extension.swift"; sourceTree = "<group>"; };
		AD4D8D8028D306DF00CD2740 /* SearchViewController.swift */ = {isa = PBXFileReference; lastKnownFileType = sourcecode.swift; path = SearchViewController.swift; sourceTree = "<group>"; };
		AD4D8D8428D30F7A00CD2740 /* SearchTableViewCell.swift */ = {isa = PBXFileReference; lastKnownFileType = sourcecode.swift; path = SearchTableViewCell.swift; sourceTree = "<group>"; };
		AD5039B128DC6882004E328E /* CharacterImageView.swift */ = {isa = PBXFileReference; lastKnownFileType = sourcecode.swift; path = CharacterImageView.swift; sourceTree = "<group>"; };
		AD5039B328DC78E1004E328E /* SwipeAction+Extension.swift */ = {isa = PBXFileReference; lastKnownFileType = sourcecode.swift; path = "SwipeAction+Extension.swift"; sourceTree = "<group>"; };
		AD67483528DCCB3800E68F20 /* DetailHistoriesViewController.swift */ = {isa = PBXFileReference; lastKnownFileType = sourcecode.swift; path = DetailHistoriesViewController.swift; sourceTree = "<group>"; };
		AD67483728DCD4E700E68F20 /* DetailHistoriesView.swift */ = {isa = PBXFileReference; lastKnownFileType = sourcecode.swift; path = DetailHistoriesView.swift; sourceTree = "<group>"; };
		AD67483928DCE05500E68F20 /* AlertLocation+Extension.swift */ = {isa = PBXFileReference; lastKnownFileType = sourcecode.swift; path = "AlertLocation+Extension.swift"; sourceTree = "<group>"; };
		AD67DF1228D46B85004A2734 /* LocationHelper.swift */ = {isa = PBXFileReference; lastKnownFileType = sourcecode.swift; path = LocationHelper.swift; sourceTree = "<group>"; };
		AD67DF1428D47307004A2734 /* CustomAnnotations.swift */ = {isa = PBXFileReference; lastKnownFileType = sourcecode.swift; path = CustomAnnotations.swift; sourceTree = "<group>"; };
		AD87226C28E196D60048700A /* .gitignore */ = {isa = PBXFileReference; lastKnownFileType = text; path = .gitignore; sourceTree = "<group>"; };
		AD87226E28E197290048700A /* APIKeys.swift */ = {isa = PBXFileReference; lastKnownFileType = sourcecode.swift; path = APIKeys.swift; sourceTree = "<group>"; };
		AD87227028E197AD0048700A /* Endpoints.swift */ = {isa = PBXFileReference; lastKnownFileType = sourcecode.swift; path = Endpoints.swift; sourceTree = "<group>"; };
		AD87227228E1980C0048700A /* TouristAttractionsAPIManager.swift */ = {isa = PBXFileReference; lastKnownFileType = sourcecode.swift; path = TouristAttractionsAPIManager.swift; sourceTree = "<group>"; };
		AD87227428E198540048700A /* TouristAttractionsData.swift */ = {isa = PBXFileReference; lastKnownFileType = sourcecode.swift; path = TouristAttractionsData.swift; sourceTree = "<group>"; };
		AD87227628E198C30048700A /* URLSession+Extension.swift */ = {isa = PBXFileReference; lastKnownFileType = sourcecode.swift; path = "URLSession+Extension.swift"; sourceTree = "<group>"; };
		AD87227828E1C0680048700A /* TouristAttractions.swift */ = {isa = PBXFileReference; lastKnownFileType = sourcecode.swift; path = TouristAttractions.swift; sourceTree = "<group>"; };
		AD87227A28E1DD350048700A /* TouristAttractions+Repository.swift */ = {isa = PBXFileReference; lastKnownFileType = sourcecode.swift; path = "TouristAttractions+Repository.swift"; sourceTree = "<group>"; };
		AD93E66B28D092B700680F3A /* HistoriesViewController.swift */ = {isa = PBXFileReference; lastKnownFileType = sourcecode.swift; path = HistoriesViewController.swift; sourceTree = "<group>"; };
		AD93E66D28D092D000680F3A /* HistoriesView.swift */ = {isa = PBXFileReference; lastKnownFileType = sourcecode.swift; path = HistoriesView.swift; sourceTree = "<group>"; };
		AD94896328D5825E00BAC3B8 /* AnnotationData.swift */ = {isa = PBXFileReference; lastKnownFileType = sourcecode.swift; path = AnnotationData.swift; sourceTree = "<group>"; };
		AD94896528D5831E00BAC3B8 /* CustomCallout.swift */ = {isa = PBXFileReference; lastKnownFileType = sourcecode.swift; path = CustomCallout.swift; sourceTree = "<group>"; };
		AD94896928D58AB100BAC3B8 /* BaseLabel.swift */ = {isa = PBXFileReference; lastKnownFileType = sourcecode.swift; path = BaseLabel.swift; sourceTree = "<group>"; };
		AD94896D28D58C6D00BAC3B8 /* CompanionViewModel.swift */ = {isa = PBXFileReference; lastKnownFileType = sourcecode.swift; path = CompanionViewModel.swift; sourceTree = "<group>"; };
		ADA6706828E9952A00F2F170 /* SearchAPIManager.swift */ = {isa = PBXFileReference; lastKnownFileType = sourcecode.swift; path = SearchAPIManager.swift; sourceTree = "<group>"; };
		ADA6706A28E99C8700F2F170 /* SearchData.swift */ = {isa = PBXFileReference; lastKnownFileType = sourcecode.swift; path = SearchData.swift; sourceTree = "<group>"; };
		ADA6706C28E9A95C00F2F170 /* RecommendationsViewModel.swift */ = {isa = PBXFileReference; lastKnownFileType = sourcecode.swift; path = RecommendationsViewModel.swift; sourceTree = "<group>"; };
		ADA6706E28E9AD2400F2F170 /* SearchViewModel.swift */ = {isa = PBXFileReference; lastKnownFileType = sourcecode.swift; path = SearchViewModel.swift; sourceTree = "<group>"; };
		ADA6707328E9BAFE00F2F170 /* String+Extension.swift */ = {isa = PBXFileReference; lastKnownFileType = sourcecode.swift; path = "String+Extension.swift"; sourceTree = "<group>"; };
		ADA6707E28EA096200F2F170 /* DetailHistoriesViewModel.swift */ = {isa = PBXFileReference; lastKnownFileType = sourcecode.swift; path = DetailHistoriesViewModel.swift; sourceTree = "<group>"; };
		ADAA1D4028D5987C00A60C61 /* AlertMessage+Extension.swift */ = {isa = PBXFileReference; lastKnownFileType = sourcecode.swift; path = "AlertMessage+Extension.swift"; sourceTree = "<group>"; };
		ADAA1D4228D5B5C000A60C61 /* BaseButton.swift */ = {isa = PBXFileReference; lastKnownFileType = sourcecode.swift; path = BaseButton.swift; sourceTree = "<group>"; };
		ADAA1D4628D5D04300A60C61 /* HistoriesTableViewCell.swift */ = {isa = PBXFileReference; lastKnownFileType = sourcecode.swift; path = HistoriesTableViewCell.swift; sourceTree = "<group>"; };
		ADAA1D4A28D5D14100A60C61 /* HistoriesViewModel.swift */ = {isa = PBXFileReference; lastKnownFileType = sourcecode.swift; path = HistoriesViewModel.swift; sourceTree = "<group>"; };
		ADB6C17E2907B74200C727F6 /* CompanionsWithCVViewController.swift */ = {isa = PBXFileReference; lastKnownFileType = sourcecode.swift; path = CompanionsWithCVViewController.swift; sourceTree = "<group>"; };
		ADB6C1802907BD3400C727F6 /* CompanionsWithCVView.swift */ = {isa = PBXFileReference; lastKnownFileType = sourcecode.swift; path = CompanionsWithCVView.swift; sourceTree = "<group>"; };
		ADB6C1822907BFFC00C727F6 /* CompanionsCollectionViewCell.swift */ = {isa = PBXFileReference; lastKnownFileType = sourcecode.swift; path = CompanionsCollectionViewCell.swift; sourceTree = "<group>"; };
		ADB6C1842907C1E100C727F6 /* Results+Extension.swift */ = {isa = PBXFileReference; lastKnownFileType = sourcecode.swift; path = "Results+Extension.swift"; sourceTree = "<group>"; };
		ADB6C18829080E0000C727F6 /* List+Extension.swift */ = {isa = PBXFileReference; lastKnownFileType = sourcecode.swift; path = "List+Extension.swift"; sourceTree = "<group>"; };
		ADBDE60428F5578100745991 /* ShareMyTrip.entitlements */ = {isa = PBXFileReference; lastKnownFileType = text.plist.entitlements; path = ShareMyTrip.entitlements; sourceTree = "<group>"; };
		ADBDE60528F5670300745991 /* GoogleService-Info.plist */ = {isa = PBXFileReference; fileEncoding = 4; lastKnownFileType = text.plist.xml; path = "GoogleService-Info.plist"; sourceTree = "<group>"; };
		ADBE769D28D84D6F00B1579E /* CurrentTrip.swift */ = {isa = PBXFileReference; lastKnownFileType = sourcecode.swift; path = CurrentTrip.swift; sourceTree = "<group>"; };
		ADBE769F28D84D8200B1579E /* TripHistory.swift */ = {isa = PBXFileReference; lastKnownFileType = sourcecode.swift; path = TripHistory.swift; sourceTree = "<group>"; };
		ADBE76A328D858C900B1579E /* TripHistory+Repository.swift */ = {isa = PBXFileReference; lastKnownFileType = sourcecode.swift; path = "TripHistory+Repository.swift"; sourceTree = "<group>"; };
		ADC20A5128D0DAE2004F94F4 /* Reusable+Protocol.swift */ = {isa = PBXFileReference; lastKnownFileType = sourcecode.swift; path = "Reusable+Protocol.swift"; sourceTree = "<group>"; };
		ADC20A5328D0DB0C004F94F4 /* BaseTableViewCell.swift */ = {isa = PBXFileReference; lastKnownFileType = sourcecode.swift; path = BaseTableViewCell.swift; sourceTree = "<group>"; };
		ADC20A5528D0DC99004F94F4 /* SettingsTableViewCell.swift */ = {isa = PBXFileReference; lastKnownFileType = sourcecode.swift; path = SettingsTableViewCell.swift; sourceTree = "<group>"; };
		ADC20A5B28D0E140004F94F4 /* SettingsLabelTexts.swift */ = {isa = PBXFileReference; lastKnownFileType = sourcecode.swift; path = SettingsLabelTexts.swift; sourceTree = "<group>"; };
		ADC20A6628D0E506004F94F4 /* CustomCGFloats.swift */ = {isa = PBXFileReference; lastKnownFileType = sourcecode.swift; path = CustomCGFloats.swift; sourceTree = "<group>"; };
		ADC20A6828D0F317004F94F4 /* BaseTableView.swift */ = {isa = PBXFileReference; lastKnownFileType = sourcecode.swift; path = BaseTableView.swift; sourceTree = "<group>"; };
		ADC7565F28D97E5C00A2B41C /* StartingViewController.swift */ = {isa = PBXFileReference; lastKnownFileType = sourcecode.swift; path = StartingViewController.swift; sourceTree = "<group>"; };
		ADC7566328D9822600A2B41C /* ImageData.swift */ = {isa = PBXFileReference; lastKnownFileType = sourcecode.swift; path = ImageData.swift; sourceTree = "<group>"; };
		ADC7566928D9A51400A2B41C /* UserDefaultsHelper.swift */ = {isa = PBXFileReference; lastKnownFileType = sourcecode.swift; path = UserDefaultsHelper.swift; sourceTree = "<group>"; };
		ADC7566B28D9B3FA00A2B41C /* StartingViewModel.swift */ = {isa = PBXFileReference; lastKnownFileType = sourcecode.swift; path = StartingViewModel.swift; sourceTree = "<group>"; };
		ADCFAA4E28D058640027656F /* ShareMyTrip.app */ = {isa = PBXFileReference; explicitFileType = wrapper.application; includeInIndex = 0; path = ShareMyTrip.app; sourceTree = BUILT_PRODUCTS_DIR; };
		ADCFAA5128D058640027656F /* AppDelegate.swift */ = {isa = PBXFileReference; lastKnownFileType = sourcecode.swift; path = AppDelegate.swift; sourceTree = "<group>"; };
		ADCFAA5328D058640027656F /* SceneDelegate.swift */ = {isa = PBXFileReference; lastKnownFileType = sourcecode.swift; path = SceneDelegate.swift; sourceTree = "<group>"; };
		ADCFAA5828D058640027656F /* Base */ = {isa = PBXFileReference; lastKnownFileType = file.storyboard; name = Base; path = Base.lproj/Main.storyboard; sourceTree = "<group>"; };
		ADCFAA5A28D058670027656F /* Assets.xcassets */ = {isa = PBXFileReference; lastKnownFileType = folder.assetcatalog; path = Assets.xcassets; sourceTree = "<group>"; };
		ADCFAA5D28D058670027656F /* Base */ = {isa = PBXFileReference; lastKnownFileType = file.storyboard; name = Base; path = Base.lproj/LaunchScreen.storyboard; sourceTree = "<group>"; };
		ADCFAA5F28D058670027656F /* Info.plist */ = {isa = PBXFileReference; lastKnownFileType = text.plist.xml; path = Info.plist; sourceTree = "<group>"; };
		ADCFAA6528D05C9C0027656F /* MainTapBarController.swift */ = {isa = PBXFileReference; lastKnownFileType = sourcecode.swift; path = MainTapBarController.swift; sourceTree = "<group>"; };
		ADCFAA6728D05E980027656F /* MapViewController.swift */ = {isa = PBXFileReference; lastKnownFileType = sourcecode.swift; path = MapViewController.swift; sourceTree = "<group>"; };
		ADCFAA6A28D05ED00027656F /* BaseViewController.swift */ = {isa = PBXFileReference; lastKnownFileType = sourcecode.swift; path = BaseViewController.swift; sourceTree = "<group>"; };
		ADCFAA6C28D05F460027656F /* BaseView.swift */ = {isa = PBXFileReference; lastKnownFileType = sourcecode.swift; path = BaseView.swift; sourceTree = "<group>"; };
		ADCFAA7F28D063720027656F /* Observable.swift */ = {isa = PBXFileReference; lastKnownFileType = sourcecode.swift; path = Observable.swift; sourceTree = "<group>"; };
		ADCFAA9128D069EB0027656F /* SettingsViewController.swift */ = {isa = PBXFileReference; lastKnownFileType = sourcecode.swift; path = SettingsViewController.swift; sourceTree = "<group>"; };
		ADCFAA9B28D0781C0027656F /* TabBarTitles.swift */ = {isa = PBXFileReference; lastKnownFileType = sourcecode.swift; path = TabBarTitles.swift; sourceTree = "<group>"; };
		ADDFB9AF28E3045E00F223E8 /* RecommendationViewController.swift */ = {isa = PBXFileReference; lastKnownFileType = sourcecode.swift; path = RecommendationViewController.swift; sourceTree = "<group>"; };
		ADDFB9B328E306B900F223E8 /* RecommendationTableViewCell.swift */ = {isa = PBXFileReference; lastKnownFileType = sourcecode.swift; path = RecommendationTableViewCell.swift; sourceTree = "<group>"; };
		ADEEE90928EB5699008F9BB1 /* SettingViewModel.swift */ = {isa = PBXFileReference; lastKnownFileType = sourcecode.swift; path = SettingViewModel.swift; sourceTree = "<group>"; };
		ADEEE90B28EB5DFF008F9BB1 /* FileManagerHelper.swift */ = {isa = PBXFileReference; lastKnownFileType = sourcecode.swift; path = FileManagerHelper.swift; sourceTree = "<group>"; };
		ADF1D5B128DB5DF800DDB171 /* BaseTextField.swift */ = {isa = PBXFileReference; lastKnownFileType = sourcecode.swift; path = BaseTextField.swift; sourceTree = "<group>"; };
		ADF1D5B328DB680600DDB171 /* CircleButton.swift */ = {isa = PBXFileReference; lastKnownFileType = sourcecode.swift; path = CircleButton.swift; sourceTree = "<group>"; };
		ADF1D5B528DB730400DDB171 /* CustomStackView.swift */ = {isa = PBXFileReference; lastKnownFileType = sourcecode.swift; path = CustomStackView.swift; sourceTree = "<group>"; };
		ADF6166C28DAD3ED00151B6E /* DestinationsViewController.swift */ = {isa = PBXFileReference; lastKnownFileType = sourcecode.swift; path = DestinationsViewController.swift; sourceTree = "<group>"; };
		ADF6166E28DAD42A00151B6E /* DestinationsView.swift */ = {isa = PBXFileReference; lastKnownFileType = sourcecode.swift; path = DestinationsView.swift; sourceTree = "<group>"; };
		ADF6167028DAD4D600151B6E /* DestinationsTableViewCell.swift */ = {isa = PBXFileReference; lastKnownFileType = sourcecode.swift; path = DestinationsTableViewCell.swift; sourceTree = "<group>"; };
		ADF6167828DAE93900151B6E /* Companions.swift */ = {isa = PBXFileReference; lastKnownFileType = sourcecode.swift; path = Companions.swift; sourceTree = "<group>"; };
/* End PBXFileReference section */

/* Begin PBXFrameworksBuildPhase section */
		ADCFAA4B28D058640027656F /* Frameworks */ = {
			isa = PBXFrameworksBuildPhase;
			buildActionMask = 2147483647;
			files = (
				AD02F96928E4847B00323E4A /* Zip in Frameworks */,
				AD9B72B228DC308B00EBE70A /* RealmSwift in Frameworks */,
				ADBDE60228F54C1D00745991 /* FirebaseMessaging in Frameworks */,
				AD5039B028DC33AE004E328E /* PanModal in Frameworks */,
				AD4D8D8A28D3163200CD2740 /* Toast in Frameworks */,
				ADCFAA7728D060410027656F /* SnapKit in Frameworks */,
				ADEEE90828EB553F008F9BB1 /* AcknowList in Frameworks */,
				ADBDE60028F54C1D00745991 /* FirebaseCrashlytics in Frameworks */,
				AD9B72B028DC308B00EBE70A /* Realm in Frameworks */,
				ADBDE5FE28F54C1D00745991 /* FirebaseAnalyticsWithoutAdIdSupport in Frameworks */,
			);
			runOnlyForDeploymentPostprocessing = 0;
		};
/* End PBXFrameworksBuildPhase section */

/* Begin PBXGroup section */
		AD0B62B1295C1E1B00A76C7B /* Scenes */ = {
			isa = PBXGroup;
			children = (
				ADC7565E28D97E3800A2B41C /* Starting */,
				ADCFAA8228D063C80027656F /* TabBar */,
				ADCFAA8128D063A10027656F /* Maps */,
				ADF6166B28DAD35C00151B6E /* Destinations */,
				ADCFAA8B28D066440027656F /* Companions */,
				AD93E66A28D0928D00680F3A /* Histories */,
				ADCFAA9028D069CC0027656F /* Settings */,
			);
			path = Scenes;
			sourceTree = "<group>";
		};
		AD0B62B2295C1E2200A76C7B /* Resources */ = {
			isa = PBXGroup;
			children = (
				AD0B62B5295C200400A76C7B /* Images */,
				ADC20A6528D0E4F4004F94F4 /* AnnotationImages */,
			);
			path = Resources;
			sourceTree = "<group>";
		};
		AD0B62B4295C1E3000A76C7B /* Utilities */ = {
			isa = PBXGroup;
			children = (
				ADD0C793295C3CAA009C345B /* Constraints */,
				ADCFAA6928D05EA00027656F /* Customs */,
				ADCFAA9A28D078090027656F /* Enums */,
				ADCFAA8528D064B90027656F /* Extensions */,
				ADC20A5028D0DACA004F94F4 /* Protocols */,
				AD0B62C3295C253500A76C7B /* Database */,
				AD0B62BC295C230B00A76C7B /* Networks */,
				ADC7566828D9A50300A2B41C /* Helpers */,
				ADCFAA7F28D063720027656F /* Observable.swift */,
			);
			path = Utilities;
			sourceTree = "<group>";
		};
		AD0B62B5295C200400A76C7B /* Images */ = {
			isa = PBXGroup;
			children = (
				ADC7566328D9822600A2B41C /* ImageData.swift */,
			);
			path = Images;
			sourceTree = "<group>";
		};
		AD0B62B6295C206500A76C7B /* BaseComponents */ = {
			isa = PBXGroup;
			children = (
				ADCFAA6A28D05ED00027656F /* BaseViewController.swift */,
				ADCFAA6C28D05F460027656F /* BaseView.swift */,
			);
			path = BaseComponents;
			sourceTree = "<group>";
		};
		AD0B62B7295C212A00A76C7B /* CustomComponents */ = {
			isa = PBXGroup;
			children = (
				AD0B62B8295C224100A76C7B /* Buttons */,
				AD94896328D5825E00BAC3B8 /* AnnotationData.swift */,
				AD94896528D5831E00BAC3B8 /* CustomCallout.swift */,
				AD17DF2028EBCAB1009BBE7D /* CustomTabBar.swift */,
				ADC20A6828D0F317004F94F4 /* BaseTableView.swift */,
				ADC20A5328D0DB0C004F94F4 /* BaseTableViewCell.swift */,
				ADF1D5B128DB5DF800DDB171 /* BaseTextField.swift */,
				AD94896928D58AB100BAC3B8 /* BaseLabel.swift */,
				ADF1D5B528DB730400DDB171 /* CustomStackView.swift */,
				AD5039B128DC6882004E328E /* CharacterImageView.swift */,
				AD3FD2A628EAE62400D66F7E /* LineView.swift */,
			);
			path = CustomComponents;
			sourceTree = "<group>";
		};
		AD0B62B8295C224100A76C7B /* Buttons */ = {
			isa = PBXGroup;
			children = (
				ADAA1D4228D5B5C000A60C61 /* BaseButton.swift */,
				ADF1D5B328DB680600DDB171 /* CircleButton.swift */,
			);
			path = Buttons;
			sourceTree = "<group>";
		};
		AD0B62BA295C22EA00A76C7B /* Managers */ = {
			isa = PBXGroup;
			children = (
				AD0B62BE295C235F00A76C7B /* TouristAttractions */,
				AD0B62BD295C235100A76C7B /* Search */,
			);
			path = Managers;
			sourceTree = "<group>";
		};
		AD0B62BB295C22F000A76C7B /* Models */ = {
			isa = PBXGroup;
			children = (
				AD0B62C0295C237E00A76C7B /* TouristAttractions */,
				AD0B62BF295C237600A76C7B /* Search */,
			);
			path = Models;
			sourceTree = "<group>";
		};
		AD0B62BC295C230B00A76C7B /* Networks */ = {
			isa = PBXGroup;
			children = (
				AD87226E28E197290048700A /* APIKeys.swift */,
				AD87227028E197AD0048700A /* Endpoints.swift */,
				AD0B62BB295C22F000A76C7B /* Models */,
				AD0B62BA295C22EA00A76C7B /* Managers */,
			);
			path = Networks;
			sourceTree = "<group>";
		};
		AD0B62BD295C235100A76C7B /* Search */ = {
			isa = PBXGroup;
			children = (
				ADA6706828E9952A00F2F170 /* SearchAPIManager.swift */,
			);
			path = Search;
			sourceTree = "<group>";
		};
		AD0B62BE295C235F00A76C7B /* TouristAttractions */ = {
			isa = PBXGroup;
			children = (
				AD87227228E1980C0048700A /* TouristAttractionsAPIManager.swift */,
			);
			path = TouristAttractions;
			sourceTree = "<group>";
		};
		AD0B62BF295C237600A76C7B /* Search */ = {
			isa = PBXGroup;
			children = (
				ADA6706A28E99C8700F2F170 /* SearchData.swift */,
			);
			path = Search;
			sourceTree = "<group>";
		};
		AD0B62C0295C237E00A76C7B /* TouristAttractions */ = {
			isa = PBXGroup;
			children = (
				AD87227428E198540048700A /* TouristAttractionsData.swift */,
			);
			path = TouristAttractions;
			sourceTree = "<group>";
		};
		AD0B62C2295C243000A76C7B /* Realm */ = {
			isa = PBXGroup;
			children = (
				ADBE769D28D84D6F00B1579E /* CurrentTrip.swift */,
				ADF6167828DAE93900151B6E /* Companions.swift */,
				ADBE769F28D84D8200B1579E /* TripHistory.swift */,
				AD87227828E1C0680048700A /* TouristAttractions.swift */,
			);
			path = Realm;
			sourceTree = "<group>";
		};
		AD0B62C3295C253500A76C7B /* Database */ = {
			isa = PBXGroup;
			children = (
				AD0B62C4295C254600A76C7B /* Models */,
				AD0B62C5295C256500A76C7B /* Managers */,
				ADBE769628D8451100B1579E /* Repositories */,
			);
			path = Database;
			sourceTree = "<group>";
		};
		AD0B62C4295C254600A76C7B /* Models */ = {
			isa = PBXGroup;
			children = (
				AD0B62C2295C243000A76C7B /* Realm */,
			);
			path = Models;
			sourceTree = "<group>";
		};
		AD0B62C5295C256500A76C7B /* Managers */ = {
			isa = PBXGroup;
			children = (
				ADEEE90B28EB5DFF008F9BB1 /* FileManagerHelper.swift */,
			);
			path = Managers;
			sourceTree = "<group>";
		};
		AD0B62C6295C2D1300A76C7B /* ViewControllers */ = {
			isa = PBXGroup;
			children = (
				AD4D8D8028D306DF00CD2740 /* SearchViewController.swift */,
			);
			path = ViewControllers;
			sourceTree = "<group>";
		};
		AD0B62C7295C2D1E00A76C7B /* Cells */ = {
			isa = PBXGroup;
			children = (
				AD4D8D8428D30F7A00CD2740 /* SearchTableViewCell.swift */,
			);
			path = Cells;
			sourceTree = "<group>";
		};
		AD0B62C8295C2D3A00A76C7B /* ViewModels */ = {
			isa = PBXGroup;
			children = (
				ADA6706E28E9AD2400F2F170 /* SearchViewModel.swift */,
			);
			path = ViewModels;
			sourceTree = "<group>";
		};
		AD0B62C9295C2D5200A76C7B /* ViewControllers */ = {
			isa = PBXGroup;
			children = (
				ADC7565F28D97E5C00A2B41C /* StartingViewController.swift */,
			);
			path = ViewControllers;
			sourceTree = "<group>";
		};
		AD0B62CA295C2D5E00A76C7B /* ViewModels */ = {
			isa = PBXGroup;
			children = (
				ADC7566B28D9B3FA00A2B41C /* StartingViewModel.swift */,
			);
			path = ViewModels;
			sourceTree = "<group>";
		};
		AD0B62CB295C2DA900A76C7B /* ViewControllers */ = {
			isa = PBXGroup;
			children = (
				ADCFAA6728D05E980027656F /* MapViewController.swift */,
			);
			path = ViewControllers;
			sourceTree = "<group>";
		};
		AD4D8D7F28D306C400CD2740 /* Search */ = {
			isa = PBXGroup;
			children = (
				AD0B62C8295C2D3A00A76C7B /* ViewModels */,
				AD0B62C6295C2D1300A76C7B /* ViewControllers */,
				AD0B62C7295C2D1E00A76C7B /* Cells */,
			);
			path = Search;
			sourceTree = "<group>";
		};
		AD93E66A28D0928D00680F3A /* Histories */ = {
			isa = PBXGroup;
			children = (
				ADD0C79D295C406F009C345B /* ViewModels */,
				ADD0C79C295C406B009C345B /* ViewControllers */,
				ADD0C79B295C4067009C345B /* Views */,
				ADD0C79A295C4064009C345B /* Cells */,
				ADD0C79E295C408C009C345B /* Nested */,
			);
			path = Histories;
			sourceTree = "<group>";
		};
		ADBE769628D8451100B1579E /* Repositories */ = {
			isa = PBXGroup;
			children = (
				ADBE76A328D858C900B1579E /* TripHistory+Repository.swift */,
				AD87227A28E1DD350048700A /* TouristAttractions+Repository.swift */,
			);
			path = Repositories;
			sourceTree = "<group>";
		};
		ADC20A5028D0DACA004F94F4 /* Protocols */ = {
			isa = PBXGroup;
			children = (
				ADC20A5128D0DAE2004F94F4 /* Reusable+Protocol.swift */,
			);
			path = Protocols;
			sourceTree = "<group>";
		};
		ADC20A6528D0E4F4004F94F4 /* AnnotationImages */ = {
			isa = PBXGroup;
			children = (
				AD67DF1428D47307004A2734 /* CustomAnnotations.swift */,
			);
			path = AnnotationImages;
			sourceTree = "<group>";
		};
		ADC7565E28D97E3800A2B41C /* Starting */ = {
			isa = PBXGroup;
			children = (
				AD0B62CA295C2D5E00A76C7B /* ViewModels */,
				AD0B62C9295C2D5200A76C7B /* ViewControllers */,
			);
			path = Starting;
			sourceTree = "<group>";
		};
		ADC7566828D9A50300A2B41C /* Helpers */ = {
			isa = PBXGroup;
			children = (
				AD67DF1228D46B85004A2734 /* LocationHelper.swift */,
				ADC7566928D9A51400A2B41C /* UserDefaultsHelper.swift */,
			);
			path = Helpers;
			sourceTree = "<group>";
		};
		ADCFAA4528D058640027656F = {
			isa = PBXGroup;
			children = (
				AD17DF2228EBDF51009BBE7D /* Package.resolved */,
				ADBDE60528F5670300745991 /* GoogleService-Info.plist */,
				AD87226C28E196D60048700A /* .gitignore */,
				ADCFAA5028D058640027656F /* ShareMyTrip */,
				ADCFAA4F28D058640027656F /* Products */,
			);
			sourceTree = "<group>";
		};
		ADCFAA4F28D058640027656F /* Products */ = {
			isa = PBXGroup;
			children = (
				ADCFAA4E28D058640027656F /* ShareMyTrip.app */,
			);
			name = Products;
			sourceTree = "<group>";
		};
		ADCFAA5028D058640027656F /* ShareMyTrip */ = {
			isa = PBXGroup;
			children = (
				ADBDE60428F5578100745991 /* ShareMyTrip.entitlements */,
				ADCFAA5128D058640027656F /* AppDelegate.swift */,
				ADCFAA5328D058640027656F /* SceneDelegate.swift */,
				AD0B62B2295C1E2200A76C7B /* Resources */,
				AD0B62B4295C1E3000A76C7B /* Utilities */,
				AD0B62B1295C1E1B00A76C7B /* Scenes */,
				ADCFAA5728D058640027656F /* Main.storyboard */,
				ADCFAA5A28D058670027656F /* Assets.xcassets */,
				ADCFAA5C28D058670027656F /* LaunchScreen.storyboard */,
				ADCFAA5F28D058670027656F /* Info.plist */,
			);
			path = ShareMyTrip;
			sourceTree = "<group>";
		};
		ADCFAA6928D05EA00027656F /* Customs */ = {
			isa = PBXGroup;
			children = (
				AD0B62B6295C206500A76C7B /* BaseComponents */,
				AD0B62B7295C212A00A76C7B /* CustomComponents */,
			);
			path = Customs;
			sourceTree = "<group>";
		};
		ADCFAA8128D063A10027656F /* Maps */ = {
			isa = PBXGroup;
			children = (
				ADD0C795295C3FDE009C345B /* ViewModels */,
				AD0B62CB295C2DA900A76C7B /* ViewControllers */,
				ADD0C7B3295C4278009C345B /* Nested */,
			);
			path = Maps;
			sourceTree = "<group>";
		};
		ADCFAA8228D063C80027656F /* TabBar */ = {
			isa = PBXGroup;
			children = (
				ADCFAA6528D05C9C0027656F /* MainTapBarController.swift */,
			);
			path = TabBar;
			sourceTree = "<group>";
		};
		ADCFAA8528D064B90027656F /* Extensions */ = {
			isa = PBXGroup;
			children = (
				AD67483928DCE05500E68F20 /* AlertLocation+Extension.swift */,
				AD02F96528E4845F00323E4A /* FileManager+Extension.swift */,
				ADAA1D4028D5987C00A60C61 /* AlertMessage+Extension.swift */,
				AD5039B328DC78E1004E328E /* SwipeAction+Extension.swift */,
				AD87227628E198C30048700A /* URLSession+Extension.swift */,
				AD02F97028E49AF500323E4A /* Date+Extension.swift */,
				ADA6707328E9BAFE00F2F170 /* String+Extension.swift */,
				AD3FD2A828EAEB8100D66F7E /* UILabel+Extension.swift */,
				ADB6C1842907C1E100C727F6 /* Results+Extension.swift */,
				ADB6C18829080E0000C727F6 /* List+Extension.swift */,
			);
			path = Extensions;
			sourceTree = "<group>";
		};
		ADCFAA8B28D066440027656F /* Companions */ = {
			isa = PBXGroup;
			children = (
				ADD0C796295C3FFB009C345B /* ViewModels */,
				ADD0C797295C4028009C345B /* ViewControllers */,
				ADD0C798295C4034009C345B /* Views */,
				ADD0C799295C403E009C345B /* Cells */,
			);
			path = Companions;
			sourceTree = "<group>";
		};
		ADCFAA9028D069CC0027656F /* Settings */ = {
			isa = PBXGroup;
			children = (
				ADD0C7AF295C4207009C345B /* ViewModels */,
				ADD0C7AE295C41AA009C345B /* ViewControllers */,
				ADD0C7AD295C41A5009C345B /* Cells */,
				ADD0C7AC295C419E009C345B /* Nested */,
			);
			path = Settings;
			sourceTree = "<group>";
		};
		ADCFAA9A28D078090027656F /* Enums */ = {
			isa = PBXGroup;
			children = (
				ADCFAA9B28D0781C0027656F /* TabBarTitles.swift */,
				ADC20A5B28D0E140004F94F4 /* SettingsLabelTexts.swift */,
			);
			path = Enums;
			sourceTree = "<group>";
		};
		ADD0C793295C3CAA009C345B /* Constraints */ = {
			isa = PBXGroup;
			children = (
				ADC20A6628D0E506004F94F4 /* CustomCGFloats.swift */,
			);
			path = Constraints;
			sourceTree = "<group>";
		};
		ADD0C795295C3FDE009C345B /* ViewModels */ = {
			isa = PBXGroup;
			children = (
				AD08D71528DA1A6F00AB0156 /* MapViewModel.swift */,
			);
			path = ViewModels;
			sourceTree = "<group>";
		};
		ADD0C796295C3FFB009C345B /* ViewModels */ = {
			isa = PBXGroup;
			children = (
				AD94896D28D58C6D00BAC3B8 /* CompanionViewModel.swift */,
			);
			path = ViewModels;
			sourceTree = "<group>";
		};
		ADD0C797295C4028009C345B /* ViewControllers */ = {
			isa = PBXGroup;
			children = (
				ADB6C17E2907B74200C727F6 /* CompanionsWithCVViewController.swift */,
			);
			path = ViewControllers;
			sourceTree = "<group>";
		};
		ADD0C798295C4034009C345B /* Views */ = {
			isa = PBXGroup;
			children = (
				ADB6C1802907BD3400C727F6 /* CompanionsWithCVView.swift */,
			);
			path = Views;
			sourceTree = "<group>";
		};
		ADD0C799295C403E009C345B /* Cells */ = {
			isa = PBXGroup;
			children = (
				ADB6C1822907BFFC00C727F6 /* CompanionsCollectionViewCell.swift */,
			);
			path = Cells;
			sourceTree = "<group>";
		};
		ADD0C79A295C4064009C345B /* Cells */ = {
			isa = PBXGroup;
			children = (
				ADAA1D4628D5D04300A60C61 /* HistoriesTableViewCell.swift */,
			);
			path = Cells;
			sourceTree = "<group>";
		};
		ADD0C79B295C4067009C345B /* Views */ = {
			isa = PBXGroup;
			children = (
				AD93E66D28D092D000680F3A /* HistoriesView.swift */,
			);
			path = Views;
			sourceTree = "<group>";
		};
		ADD0C79C295C406B009C345B /* ViewControllers */ = {
			isa = PBXGroup;
			children = (
				AD93E66B28D092B700680F3A /* HistoriesViewController.swift */,
			);
			path = ViewControllers;
			sourceTree = "<group>";
		};
		ADD0C79D295C406F009C345B /* ViewModels */ = {
			isa = PBXGroup;
			children = (
				ADAA1D4A28D5D14100A60C61 /* HistoriesViewModel.swift */,
			);
			path = ViewModels;
			sourceTree = "<group>";
		};
		ADD0C79E295C408C009C345B /* Nested */ = {
			isa = PBXGroup;
			children = (
				ADD0C7A2295C40C4009C345B /* DetailHistories */,
			);
			path = Nested;
			sourceTree = "<group>";
		};
		ADD0C79F295C4097009C345B /* Views */ = {
			isa = PBXGroup;
			children = (
				AD67483728DCD4E700E68F20 /* DetailHistoriesView.swift */,
			);
			path = Views;
			sourceTree = "<group>";
		};
		ADD0C7A0295C409B009C345B /* ViewControllers */ = {
			isa = PBXGroup;
			children = (
				AD67483528DCCB3800E68F20 /* DetailHistoriesViewController.swift */,
			);
			path = ViewControllers;
			sourceTree = "<group>";
		};
		ADD0C7A1295C40BC009C345B /* ViewModels */ = {
			isa = PBXGroup;
			children = (
				ADA6707E28EA096200F2F170 /* DetailHistoriesViewModel.swift */,
			);
			path = ViewModels;
			sourceTree = "<group>";
		};
		ADD0C7A2295C40C4009C345B /* DetailHistories */ = {
			isa = PBXGroup;
			children = (
				ADD0C7A1295C40BC009C345B /* ViewModels */,
				ADD0C7A0295C409B009C345B /* ViewControllers */,
				ADD0C79F295C4097009C345B /* Views */,
			);
			path = DetailHistories;
			sourceTree = "<group>";
		};
		ADD0C7A3295C4124009C345B /* Cells */ = {
			isa = PBXGroup;
			children = (
				ADF6167028DAD4D600151B6E /* DestinationsTableViewCell.swift */,
			);
			path = Cells;
			sourceTree = "<group>";
		};
		ADD0C7A4295C4131009C345B /* Views */ = {
			isa = PBXGroup;
			children = (
				ADF6166E28DAD42A00151B6E /* DestinationsView.swift */,
			);
			path = Views;
			sourceTree = "<group>";
		};
		ADD0C7A5295C413B009C345B /* ViewControllers */ = {
			isa = PBXGroup;
			children = (
				ADF6166C28DAD3ED00151B6E /* DestinationsViewController.swift */,
			);
			path = ViewControllers;
			sourceTree = "<group>";
		};
		ADD0C7A7295C4158009C345B /* Nested */ = {
			isa = PBXGroup;
			children = (
				ADD0C7AA295C417B009C345B /* Recommendation */,
			);
			path = Nested;
			sourceTree = "<group>";
		};
		ADD0C7A8295C415C009C345B /* Cells */ = {
			isa = PBXGroup;
			children = (
				ADDFB9B328E306B900F223E8 /* RecommendationTableViewCell.swift */,
			);
			path = Cells;
			sourceTree = "<group>";
		};
		ADD0C7A9295C4164009C345B /* ViewControllers */ = {
			isa = PBXGroup;
			children = (
				ADDFB9AF28E3045E00F223E8 /* RecommendationViewController.swift */,
			);
			path = ViewControllers;
			sourceTree = "<group>";
		};
		ADD0C7AA295C417B009C345B /* Recommendation */ = {
			isa = PBXGroup;
			children = (
				ADD0C7AB295C4190009C345B /* ViewModels */,
				ADD0C7A9295C4164009C345B /* ViewControllers */,
				ADD0C7A8295C415C009C345B /* Cells */,
			);
			path = Recommendation;
			sourceTree = "<group>";
		};
		ADD0C7AB295C4190009C345B /* ViewModels */ = {
			isa = PBXGroup;
			children = (
				ADA6706C28E9A95C00F2F170 /* RecommendationsViewModel.swift */,
			);
			path = ViewModels;
			sourceTree = "<group>";
		};
		ADD0C7AC295C419E009C345B /* Nested */ = {
			isa = PBXGroup;
			children = (
				ADD0C7B1295C422B009C345B /* Backup */,
			);
			path = Nested;
			sourceTree = "<group>";
		};
		ADD0C7AD295C41A5009C345B /* Cells */ = {
			isa = PBXGroup;
			children = (
				ADC20A5528D0DC99004F94F4 /* SettingsTableViewCell.swift */,
			);
			path = Cells;
			sourceTree = "<group>";
		};
		ADD0C7AE295C41AA009C345B /* ViewControllers */ = {
			isa = PBXGroup;
			children = (
				ADCFAA9128D069EB0027656F /* SettingsViewController.swift */,
			);
			path = ViewControllers;
			sourceTree = "<group>";
		};
		ADD0C7AF295C4207009C345B /* ViewModels */ = {
			isa = PBXGroup;
			children = (
				ADEEE90928EB5699008F9BB1 /* SettingViewModel.swift */,
			);
			path = ViewModels;
			sourceTree = "<group>";
		};
		ADD0C7B0295C4227009C345B /* Cells */ = {
			isa = PBXGroup;
			children = (
				AD02F96E28E4931600323E4A /* BackupTableViewCell.swift */,
			);
			path = Cells;
			sourceTree = "<group>";
		};
		ADD0C7B1295C422B009C345B /* Backup */ = {
			isa = PBXGroup;
			children = (
				ADD0C7B2295C4233009C345B /* ViewControllers */,
				ADD0C7B0295C4227009C345B /* Cells */,
			);
			path = Backup;
			sourceTree = "<group>";
		};
		ADD0C7B2295C4233009C345B /* ViewControllers */ = {
			isa = PBXGroup;
			children = (
				AD02F96A28E4926300323E4A /* BackupViewController.swift */,
			);
			path = ViewControllers;
			sourceTree = "<group>";
		};
		ADD0C7B3295C4278009C345B /* Nested */ = {
			isa = PBXGroup;
			children = (
				AD4D8D7F28D306C400CD2740 /* Search */,
			);
			path = Nested;
			sourceTree = "<group>";
		};
		ADF6166B28DAD35C00151B6E /* Destinations */ = {
			isa = PBXGroup;
			children = (
				ADD0C7A5295C413B009C345B /* ViewControllers */,
				ADD0C7A4295C4131009C345B /* Views */,
				ADD0C7A3295C4124009C345B /* Cells */,
				ADD0C7A7295C4158009C345B /* Nested */,
			);
			path = Destinations;
			sourceTree = "<group>";
		};
/* End PBXGroup section */

/* Begin PBXNativeTarget section */
		ADCFAA4D28D058640027656F /* ShareMyTrip */ = {
			isa = PBXNativeTarget;
			buildConfigurationList = ADCFAA6228D058670027656F /* Build configuration list for PBXNativeTarget "ShareMyTrip" */;
			buildPhases = (
				ADCFAA4A28D058640027656F /* Sources */,
				ADCFAA4B28D058640027656F /* Frameworks */,
				ADCFAA4C28D058640027656F /* Resources */,
				ADBDE60328F5520C00745991 /* ShellScript */,
			);
			buildRules = (
			);
			dependencies = (
			);
			name = ShareMyTrip;
			packageProductDependencies = (
				ADCFAA7628D060410027656F /* SnapKit */,
				AD4D8D8928D3163200CD2740 /* Toast */,
				AD9B72AF28DC308B00EBE70A /* Realm */,
				AD9B72B128DC308B00EBE70A /* RealmSwift */,
				AD5039AF28DC33AE004E328E /* PanModal */,
				AD02F96828E4847B00323E4A /* Zip */,
				ADEEE90728EB553F008F9BB1 /* AcknowList */,
				ADBDE5FD28F54C1D00745991 /* FirebaseAnalyticsWithoutAdIdSupport */,
				ADBDE5FF28F54C1D00745991 /* FirebaseCrashlytics */,
				ADBDE60128F54C1D00745991 /* FirebaseMessaging */,
			);
			productName = ShareMyTrip;
			productReference = ADCFAA4E28D058640027656F /* ShareMyTrip.app */;
			productType = "com.apple.product-type.application";
		};
/* End PBXNativeTarget section */

/* Begin PBXProject section */
		ADCFAA4628D058640027656F /* Project object */ = {
			isa = PBXProject;
			attributes = {
				BuildIndependentTargetsInParallel = 1;
				LastSwiftUpdateCheck = 1340;
				LastUpgradeCheck = 1340;
				TargetAttributes = {
					ADCFAA4D28D058640027656F = {
						CreatedOnToolsVersion = 13.4.1;
					};
				};
			};
			buildConfigurationList = ADCFAA4928D058640027656F /* Build configuration list for PBXProject "ShareMyTrip" */;
			compatibilityVersion = "Xcode 13.0";
			developmentRegion = en;
			hasScannedForEncodings = 0;
			knownRegions = (
				en,
				Base,
			);
			mainGroup = ADCFAA4528D058640027656F;
			packageReferences = (
				ADCFAA7528D060410027656F /* XCRemoteSwiftPackageReference "SnapKit" */,
				AD4D8D8828D3163200CD2740 /* XCRemoteSwiftPackageReference "Toast-Swift" */,
				AD9B72AE28DC308B00EBE70A /* XCRemoteSwiftPackageReference "realm-swift" */,
				AD5039AE28DC33AE004E328E /* XCRemoteSwiftPackageReference "PanModal" */,
				AD02F96728E4847B00323E4A /* XCRemoteSwiftPackageReference "Zip" */,
				ADEEE90628EB553F008F9BB1 /* XCRemoteSwiftPackageReference "AcknowList" */,
				ADBDE5FC28F54C1D00745991 /* XCRemoteSwiftPackageReference "firebase-ios-sdk" */,
			);
			productRefGroup = ADCFAA4F28D058640027656F /* Products */;
			projectDirPath = "";
			projectRoot = "";
			targets = (
				ADCFAA4D28D058640027656F /* ShareMyTrip */,
			);
		};
/* End PBXProject section */

/* Begin PBXResourcesBuildPhase section */
		ADCFAA4C28D058640027656F /* Resources */ = {
			isa = PBXResourcesBuildPhase;
			buildActionMask = 2147483647;
			files = (
				AD87226D28E196D60048700A /* .gitignore in Resources */,
				AD17DF2328EBDF51009BBE7D /* Package.resolved in Resources */,
				ADCFAA5E28D058670027656F /* LaunchScreen.storyboard in Resources */,
				ADCFAA5B28D058670027656F /* Assets.xcassets in Resources */,
				ADCFAA5928D058640027656F /* Main.storyboard in Resources */,
				ADBDE60628F5670400745991 /* GoogleService-Info.plist in Resources */,
			);
			runOnlyForDeploymentPostprocessing = 0;
		};
/* End PBXResourcesBuildPhase section */

/* Begin PBXShellScriptBuildPhase section */
		ADBDE60328F5520C00745991 /* ShellScript */ = {
			isa = PBXShellScriptBuildPhase;
			buildActionMask = 2147483647;
			files = (
			);
			inputFileListPaths = (
			);
			inputPaths = (
				"${DWARF_DSYM_FOLDER_PATH}/${DWARF_DSYM_FILE_NAME}/Contents/Resources/DWARF/${TARGET_NAME}",
				"$(SRCROOT)/$(BUILT_PRODUCTS_DIR)/$(INFOPLIST_PATH)",
			);
			outputFileListPaths = (
			);
			outputPaths = (
			);
			runOnlyForDeploymentPostprocessing = 0;
			shellPath = /bin/sh;
			shellScript = "# Type a script or drag a script file from your workspace to insert its path.\n\"${BUILD_DIR%/Build/*}/SourcePackages/checkouts/firebase-ios-sdk/Crashlytics/run\"\n";
		};
/* End PBXShellScriptBuildPhase section */

/* Begin PBXSourcesBuildPhase section */
		ADCFAA4A28D058640027656F /* Sources */ = {
			isa = PBXSourcesBuildPhase;
			buildActionMask = 2147483647;
			files = (
				ADAA1D4728D5D04300A60C61 /* HistoriesTableViewCell.swift in Sources */,
				ADBE769E28D84D6F00B1579E /* CurrentTrip.swift in Sources */,
				ADA6706928E9952A00F2F170 /* SearchAPIManager.swift in Sources */,
				AD94896A28D58AB100BAC3B8 /* BaseLabel.swift in Sources */,
				ADB6C1812907BD3400C727F6 /* CompanionsWithCVView.swift in Sources */,
				ADB6C17F2907B74200C727F6 /* CompanionsWithCVViewController.swift in Sources */,
				ADF1D5B228DB5DF800DDB171 /* BaseTextField.swift in Sources */,
				ADC20A5C28D0E140004F94F4 /* SettingsLabelTexts.swift in Sources */,
				AD94896628D5831E00BAC3B8 /* CustomCallout.swift in Sources */,
				AD3FD2A728EAE62400D66F7E /* LineView.swift in Sources */,
				ADC20A5628D0DC99004F94F4 /* SettingsTableViewCell.swift in Sources */,
				ADC7566028D97E5C00A2B41C /* StartingViewController.swift in Sources */,
				ADF6166D28DAD3ED00151B6E /* DestinationsViewController.swift in Sources */,
				AD5039B428DC78E1004E328E /* SwipeAction+Extension.swift in Sources */,
				ADCFAA8028D063720027656F /* Observable.swift in Sources */,
				ADA6706B28E99C8700F2F170 /* SearchData.swift in Sources */,
				ADF1D5B628DB730400DDB171 /* CustomStackView.swift in Sources */,
				ADF6167928DAE93900151B6E /* Companions.swift in Sources */,
				AD3FD2A928EAEB8100D66F7E /* UILabel+Extension.swift in Sources */,
				AD08D71628DA1A6F00AB0156 /* MapViewModel.swift in Sources */,
				AD94896428D5825E00BAC3B8 /* AnnotationData.swift in Sources */,
				AD93E66E28D092D000680F3A /* HistoriesView.swift in Sources */,
				ADDFB9B428E306B900F223E8 /* RecommendationTableViewCell.swift in Sources */,
				AD87227528E198540048700A /* TouristAttractionsData.swift in Sources */,
				ADA6706F28E9AD2400F2F170 /* SearchViewModel.swift in Sources */,
				ADA6707F28EA096200F2F170 /* DetailHistoriesViewModel.swift in Sources */,
				ADB6C18929080E0000C727F6 /* List+Extension.swift in Sources */,
				AD93E66C28D092B700680F3A /* HistoriesViewController.swift in Sources */,
				AD87227328E1980C0048700A /* TouristAttractionsAPIManager.swift in Sources */,
				ADC20A6928D0F317004F94F4 /* BaseTableView.swift in Sources */,
				ADF1D5B428DB680600DDB171 /* CircleButton.swift in Sources */,
				AD02F96628E4845F00323E4A /* FileManager+Extension.swift in Sources */,
				AD4D8D8528D30F7A00CD2740 /* SearchTableViewCell.swift in Sources */,
				AD67DF1528D47307004A2734 /* CustomAnnotations.swift in Sources */,
				ADDFB9B028E3045E00F223E8 /* RecommendationViewController.swift in Sources */,
				AD94896E28D58C6D00BAC3B8 /* CompanionViewModel.swift in Sources */,
				AD02F96F28E4931600323E4A /* BackupTableViewCell.swift in Sources */,
				ADC7566A28D9A51400A2B41C /* UserDefaultsHelper.swift in Sources */,
				AD5039B228DC6882004E328E /* CharacterImageView.swift in Sources */,
				ADCFAA9C28D0781C0027656F /* TabBarTitles.swift in Sources */,
				ADF6167128DAD4D600151B6E /* DestinationsTableViewCell.swift in Sources */,
				AD67DF1328D46B85004A2734 /* LocationHelper.swift in Sources */,
				AD87227928E1C0680048700A /* TouristAttractions.swift in Sources */,
				AD17DF2128EBCAB1009BBE7D /* CustomTabBar.swift in Sources */,
				ADC7566428D9822600A2B41C /* ImageData.swift in Sources */,
				ADB6C1852907C1E100C727F6 /* Results+Extension.swift in Sources */,
				AD87227128E197AD0048700A /* Endpoints.swift in Sources */,
				ADC7566C28D9B3FA00A2B41C /* StartingViewModel.swift in Sources */,
				ADC20A5228D0DAE2004F94F4 /* Reusable+Protocol.swift in Sources */,
				ADCFAA6B28D05ED00027656F /* BaseViewController.swift in Sources */,
				AD87227B28E1DD350048700A /* TouristAttractions+Repository.swift in Sources */,
				AD67483628DCCB3800E68F20 /* DetailHistoriesViewController.swift in Sources */,
				ADCFAA6628D05C9C0027656F /* MainTapBarController.swift in Sources */,
				AD02F96B28E4926300323E4A /* BackupViewController.swift in Sources */,
				ADEEE90C28EB5DFF008F9BB1 /* FileManagerHelper.swift in Sources */,
				AD02F97128E49AF500323E4A /* Date+Extension.swift in Sources */,
				AD67483828DCD4E700E68F20 /* DetailHistoriesView.swift in Sources */,
				ADCFAA5228D058640027656F /* AppDelegate.swift in Sources */,
				ADBE76A028D84D8200B1579E /* TripHistory.swift in Sources */,
				ADEEE90A28EB5699008F9BB1 /* SettingViewModel.swift in Sources */,
				AD87227728E198C30048700A /* URLSession+Extension.swift in Sources */,
				ADCFAA6D28D05F460027656F /* BaseView.swift in Sources */,
				ADAA1D4128D5987C00A60C61 /* AlertMessage+Extension.swift in Sources */,
				ADA6707428E9BAFE00F2F170 /* String+Extension.swift in Sources */,
				AD87226F28E197290048700A /* APIKeys.swift in Sources */,
				ADB6C1832907BFFC00C727F6 /* CompanionsCollectionViewCell.swift in Sources */,
				ADCFAA9228D069EB0027656F /* SettingsViewController.swift in Sources */,
				ADCFAA5428D058640027656F /* SceneDelegate.swift in Sources */,
				ADBE76A428D858C900B1579E /* TripHistory+Repository.swift in Sources */,
				ADCFAA6828D05E980027656F /* MapViewController.swift in Sources */,
				ADC20A5428D0DB0C004F94F4 /* BaseTableViewCell.swift in Sources */,
				ADAA1D4328D5B5C000A60C61 /* BaseButton.swift in Sources */,
				ADAA1D4B28D5D14100A60C61 /* HistoriesViewModel.swift in Sources */,
				AD67483A28DCE05500E68F20 /* AlertLocation+Extension.swift in Sources */,
				ADF6166F28DAD42A00151B6E /* DestinationsView.swift in Sources */,
				ADC20A6728D0E506004F94F4 /* CustomCGFloats.swift in Sources */,
				AD4D8D8128D306DF00CD2740 /* SearchViewController.swift in Sources */,
				ADA6706D28E9A95C00F2F170 /* RecommendationsViewModel.swift in Sources */,
			);
			runOnlyForDeploymentPostprocessing = 0;
		};
/* End PBXSourcesBuildPhase section */

/* Begin PBXVariantGroup section */
		ADCFAA5728D058640027656F /* Main.storyboard */ = {
			isa = PBXVariantGroup;
			children = (
				ADCFAA5828D058640027656F /* Base */,
			);
			name = Main.storyboard;
			sourceTree = "<group>";
		};
		ADCFAA5C28D058670027656F /* LaunchScreen.storyboard */ = {
			isa = PBXVariantGroup;
			children = (
				ADCFAA5D28D058670027656F /* Base */,
			);
			name = LaunchScreen.storyboard;
			sourceTree = "<group>";
		};
/* End PBXVariantGroup section */

/* Begin XCBuildConfiguration section */
		ADCFAA6028D058670027656F /* Debug */ = {
			isa = XCBuildConfiguration;
			buildSettings = {
				ALWAYS_SEARCH_USER_PATHS = NO;
				CLANG_ANALYZER_NONNULL = YES;
				CLANG_ANALYZER_NUMBER_OBJECT_CONVERSION = YES_AGGRESSIVE;
				CLANG_CXX_LANGUAGE_STANDARD = "gnu++17";
				CLANG_ENABLE_MODULES = YES;
				CLANG_ENABLE_OBJC_ARC = YES;
				CLANG_ENABLE_OBJC_WEAK = YES;
				CLANG_WARN_BLOCK_CAPTURE_AUTORELEASING = YES;
				CLANG_WARN_BOOL_CONVERSION = YES;
				CLANG_WARN_COMMA = YES;
				CLANG_WARN_CONSTANT_CONVERSION = YES;
				CLANG_WARN_DEPRECATED_OBJC_IMPLEMENTATIONS = YES;
				CLANG_WARN_DIRECT_OBJC_ISA_USAGE = YES_ERROR;
				CLANG_WARN_DOCUMENTATION_COMMENTS = YES;
				CLANG_WARN_EMPTY_BODY = YES;
				CLANG_WARN_ENUM_CONVERSION = YES;
				CLANG_WARN_INFINITE_RECURSION = YES;
				CLANG_WARN_INT_CONVERSION = YES;
				CLANG_WARN_NON_LITERAL_NULL_CONVERSION = YES;
				CLANG_WARN_OBJC_IMPLICIT_RETAIN_SELF = YES;
				CLANG_WARN_OBJC_LITERAL_CONVERSION = YES;
				CLANG_WARN_OBJC_ROOT_CLASS = YES_ERROR;
				CLANG_WARN_QUOTED_INCLUDE_IN_FRAMEWORK_HEADER = YES;
				CLANG_WARN_RANGE_LOOP_ANALYSIS = YES;
				CLANG_WARN_STRICT_PROTOTYPES = YES;
				CLANG_WARN_SUSPICIOUS_MOVE = YES;
				CLANG_WARN_UNGUARDED_AVAILABILITY = YES_AGGRESSIVE;
				CLANG_WARN_UNREACHABLE_CODE = YES;
				CLANG_WARN__DUPLICATE_METHOD_MATCH = YES;
				COPY_PHASE_STRIP = NO;
				DEBUG_INFORMATION_FORMAT = dwarf;
				ENABLE_STRICT_OBJC_MSGSEND = YES;
				ENABLE_TESTABILITY = YES;
				GCC_C_LANGUAGE_STANDARD = gnu11;
				GCC_DYNAMIC_NO_PIC = NO;
				GCC_NO_COMMON_BLOCKS = YES;
				GCC_OPTIMIZATION_LEVEL = 0;
				GCC_PREPROCESSOR_DEFINITIONS = (
					"DEBUG=1",
					"$(inherited)",
				);
				GCC_WARN_64_TO_32_BIT_CONVERSION = YES;
				GCC_WARN_ABOUT_RETURN_TYPE = YES_ERROR;
				GCC_WARN_UNDECLARED_SELECTOR = YES;
				GCC_WARN_UNINITIALIZED_AUTOS = YES_AGGRESSIVE;
				GCC_WARN_UNUSED_FUNCTION = YES;
				GCC_WARN_UNUSED_VARIABLE = YES;
				IPHONEOS_DEPLOYMENT_TARGET = 15.0;
				MTL_ENABLE_DEBUG_INFO = INCLUDE_SOURCE;
				MTL_FAST_MATH = YES;
				ONLY_ACTIVE_ARCH = YES;
				SDKROOT = iphoneos;
				SWIFT_ACTIVE_COMPILATION_CONDITIONS = DEBUG;
				SWIFT_OPTIMIZATION_LEVEL = "-Onone";
			};
			name = Debug;
		};
		ADCFAA6128D058670027656F /* Release */ = {
			isa = XCBuildConfiguration;
			buildSettings = {
				ALWAYS_SEARCH_USER_PATHS = NO;
				CLANG_ANALYZER_NONNULL = YES;
				CLANG_ANALYZER_NUMBER_OBJECT_CONVERSION = YES_AGGRESSIVE;
				CLANG_CXX_LANGUAGE_STANDARD = "gnu++17";
				CLANG_ENABLE_MODULES = YES;
				CLANG_ENABLE_OBJC_ARC = YES;
				CLANG_ENABLE_OBJC_WEAK = YES;
				CLANG_WARN_BLOCK_CAPTURE_AUTORELEASING = YES;
				CLANG_WARN_BOOL_CONVERSION = YES;
				CLANG_WARN_COMMA = YES;
				CLANG_WARN_CONSTANT_CONVERSION = YES;
				CLANG_WARN_DEPRECATED_OBJC_IMPLEMENTATIONS = YES;
				CLANG_WARN_DIRECT_OBJC_ISA_USAGE = YES_ERROR;
				CLANG_WARN_DOCUMENTATION_COMMENTS = YES;
				CLANG_WARN_EMPTY_BODY = YES;
				CLANG_WARN_ENUM_CONVERSION = YES;
				CLANG_WARN_INFINITE_RECURSION = YES;
				CLANG_WARN_INT_CONVERSION = YES;
				CLANG_WARN_NON_LITERAL_NULL_CONVERSION = YES;
				CLANG_WARN_OBJC_IMPLICIT_RETAIN_SELF = YES;
				CLANG_WARN_OBJC_LITERAL_CONVERSION = YES;
				CLANG_WARN_OBJC_ROOT_CLASS = YES_ERROR;
				CLANG_WARN_QUOTED_INCLUDE_IN_FRAMEWORK_HEADER = YES;
				CLANG_WARN_RANGE_LOOP_ANALYSIS = YES;
				CLANG_WARN_STRICT_PROTOTYPES = YES;
				CLANG_WARN_SUSPICIOUS_MOVE = YES;
				CLANG_WARN_UNGUARDED_AVAILABILITY = YES_AGGRESSIVE;
				CLANG_WARN_UNREACHABLE_CODE = YES;
				CLANG_WARN__DUPLICATE_METHOD_MATCH = YES;
				COPY_PHASE_STRIP = NO;
				DEBUG_INFORMATION_FORMAT = "dwarf-with-dsym";
				ENABLE_NS_ASSERTIONS = NO;
				ENABLE_STRICT_OBJC_MSGSEND = YES;
				GCC_C_LANGUAGE_STANDARD = gnu11;
				GCC_NO_COMMON_BLOCKS = YES;
				GCC_WARN_64_TO_32_BIT_CONVERSION = YES;
				GCC_WARN_ABOUT_RETURN_TYPE = YES_ERROR;
				GCC_WARN_UNDECLARED_SELECTOR = YES;
				GCC_WARN_UNINITIALIZED_AUTOS = YES_AGGRESSIVE;
				GCC_WARN_UNUSED_FUNCTION = YES;
				GCC_WARN_UNUSED_VARIABLE = YES;
				IPHONEOS_DEPLOYMENT_TARGET = 15.0;
				MTL_ENABLE_DEBUG_INFO = NO;
				MTL_FAST_MATH = YES;
				SDKROOT = iphoneos;
				SWIFT_COMPILATION_MODE = wholemodule;
				SWIFT_OPTIMIZATION_LEVEL = "-O";
				VALIDATE_PRODUCT = YES;
			};
			name = Release;
		};
		ADCFAA6328D058670027656F /* Debug */ = {
			isa = XCBuildConfiguration;
			buildSettings = {
				ASSETCATALOG_COMPILER_APPICON_NAME = AppIcon;
				ASSETCATALOG_COMPILER_GLOBAL_ACCENT_COLOR_NAME = AccentColor;
				CODE_SIGN_ENTITLEMENTS = ShareMyTrip/ShareMyTrip.entitlements;
				CODE_SIGN_STYLE = Automatic;
				CURRENT_PROJECT_VERSION = 1;
				DEBUG_INFORMATION_FORMAT = "dwarf-with-dsym";
				DEVELOPMENT_TEAM = DLA597KS3F;
				GENERATE_INFOPLIST_FILE = YES;
				INFOPLIST_FILE = ShareMyTrip/Info.plist;
				INFOPLIST_KEY_CFBundleDisplayName = "여행가자곰";
				INFOPLIST_KEY_NSLocationWhenInUseUsageDescription = "사용자의 위치를 사용하여 원하는 목적지와의 거리를 탐색합니다.";
				INFOPLIST_KEY_UIApplicationSupportsIndirectInputEvents = YES;
				INFOPLIST_KEY_UILaunchStoryboardName = LaunchScreen;
				INFOPLIST_KEY_UIMainStoryboardFile = Main;
				INFOPLIST_KEY_UISupportedInterfaceOrientations_iPad = UIInterfaceOrientationPortrait;
				INFOPLIST_KEY_UISupportedInterfaceOrientations_iPhone = UIInterfaceOrientationPortrait;
				INFOPLIST_KEY_UIUserInterfaceStyle = Light;
				IPHONEOS_DEPLOYMENT_TARGET = 15.0;
				LD_RUNPATH_SEARCH_PATHS = (
					"$(inherited)",
					"@executable_path/Frameworks",
				);
				MARKETING_VERSION = 1.2.0;
				PRODUCT_BUNDLE_IDENTIFIER = com.jhee.TripBear;
				PRODUCT_NAME = "$(TARGET_NAME)";
				SUPPORTED_PLATFORMS = "iphoneos iphonesimulator";
				SUPPORTS_MACCATALYST = NO;
				SUPPORTS_MAC_DESIGNED_FOR_IPHONE_IPAD = NO;
				SWIFT_EMIT_LOC_STRINGS = YES;
				SWIFT_VERSION = 5.0;
				TARGETED_DEVICE_FAMILY = 1;
			};
			name = Debug;
		};
		ADCFAA6428D058670027656F /* Release */ = {
			isa = XCBuildConfiguration;
			buildSettings = {
				ASSETCATALOG_COMPILER_APPICON_NAME = AppIcon;
				ASSETCATALOG_COMPILER_GLOBAL_ACCENT_COLOR_NAME = AccentColor;
				CODE_SIGN_ENTITLEMENTS = ShareMyTrip/ShareMyTrip.entitlements;
				CODE_SIGN_STYLE = Automatic;
				CURRENT_PROJECT_VERSION = 1;
				DEVELOPMENT_TEAM = DLA597KS3F;
				GENERATE_INFOPLIST_FILE = YES;
				INFOPLIST_FILE = ShareMyTrip/Info.plist;
				INFOPLIST_KEY_CFBundleDisplayName = "여행가자곰";
				INFOPLIST_KEY_NSLocationWhenInUseUsageDescription = "사용자의 위치를 사용하여 원하는 목적지와의 거리를 탐색합니다.";
				INFOPLIST_KEY_UIApplicationSupportsIndirectInputEvents = YES;
				INFOPLIST_KEY_UILaunchStoryboardName = LaunchScreen;
				INFOPLIST_KEY_UIMainStoryboardFile = Main;
				INFOPLIST_KEY_UISupportedInterfaceOrientations_iPad = UIInterfaceOrientationPortrait;
				INFOPLIST_KEY_UISupportedInterfaceOrientations_iPhone = UIInterfaceOrientationPortrait;
				INFOPLIST_KEY_UIUserInterfaceStyle = Light;
				IPHONEOS_DEPLOYMENT_TARGET = 15.0;
				LD_RUNPATH_SEARCH_PATHS = (
					"$(inherited)",
					"@executable_path/Frameworks",
				);
				MARKETING_VERSION = 1.2.0;
				PRODUCT_BUNDLE_IDENTIFIER = com.jhee.TripBear;
				PRODUCT_NAME = "$(TARGET_NAME)";
				SUPPORTED_PLATFORMS = "iphoneos iphonesimulator";
				SUPPORTS_MACCATALYST = NO;
				SUPPORTS_MAC_DESIGNED_FOR_IPHONE_IPAD = NO;
				SWIFT_EMIT_LOC_STRINGS = YES;
				SWIFT_VERSION = 5.0;
				TARGETED_DEVICE_FAMILY = 1;
			};
			name = Release;
		};
/* End XCBuildConfiguration section */

/* Begin XCConfigurationList section */
		ADCFAA4928D058640027656F /* Build configuration list for PBXProject "ShareMyTrip" */ = {
			isa = XCConfigurationList;
			buildConfigurations = (
				ADCFAA6028D058670027656F /* Debug */,
				ADCFAA6128D058670027656F /* Release */,
			);
			defaultConfigurationIsVisible = 0;
			defaultConfigurationName = Release;
		};
		ADCFAA6228D058670027656F /* Build configuration list for PBXNativeTarget "ShareMyTrip" */ = {
			isa = XCConfigurationList;
			buildConfigurations = (
				ADCFAA6328D058670027656F /* Debug */,
				ADCFAA6428D058670027656F /* Release */,
			);
			defaultConfigurationIsVisible = 0;
			defaultConfigurationName = Release;
		};
/* End XCConfigurationList section */

/* Begin XCRemoteSwiftPackageReference section */
		AD02F96728E4847B00323E4A /* XCRemoteSwiftPackageReference "Zip" */ = {
			isa = XCRemoteSwiftPackageReference;
			repositoryURL = "https://github.com/marmelroy/Zip.git";
			requirement = {
				kind = upToNextMajorVersion;
				minimumVersion = 2.0.0;
			};
		};
		AD4D8D8828D3163200CD2740 /* XCRemoteSwiftPackageReference "Toast-Swift" */ = {
			isa = XCRemoteSwiftPackageReference;
			repositoryURL = "https://github.com/scalessec/Toast-Swift.git";
			requirement = {
				kind = upToNextMajorVersion;
				minimumVersion = 5.0.0;
			};
		};
		AD5039AE28DC33AE004E328E /* XCRemoteSwiftPackageReference "PanModal" */ = {
			isa = XCRemoteSwiftPackageReference;
			repositoryURL = "https://github.com/slackhq/PanModal.git";
			requirement = {
				kind = upToNextMajorVersion;
				minimumVersion = 1.0.0;
			};
		};
		AD9B72AE28DC308B00EBE70A /* XCRemoteSwiftPackageReference "realm-swift" */ = {
			isa = XCRemoteSwiftPackageReference;
			repositoryURL = "https://github.com/realm/realm-swift.git";
			requirement = {
				kind = exactVersion;
				version = 10.30.0;
			};
		};
		ADBDE5FC28F54C1D00745991 /* XCRemoteSwiftPackageReference "firebase-ios-sdk" */ = {
			isa = XCRemoteSwiftPackageReference;
			repositoryURL = "https://github.com/firebase/firebase-ios-sdk";
			requirement = {
				kind = upToNextMajorVersion;
				minimumVersion = 9.0.0;
			};
		};
		ADCFAA7528D060410027656F /* XCRemoteSwiftPackageReference "SnapKit" */ = {
			isa = XCRemoteSwiftPackageReference;
			repositoryURL = "https://github.com/SnapKit/SnapKit.git";
			requirement = {
				kind = upToNextMajorVersion;
				minimumVersion = 5.0.0;
			};
		};
		ADEEE90628EB553F008F9BB1 /* XCRemoteSwiftPackageReference "AcknowList" */ = {
			isa = XCRemoteSwiftPackageReference;
			repositoryURL = "https://github.com/vtourraine/AcknowList.git";
			requirement = {
				kind = upToNextMajorVersion;
				minimumVersion = 3.0.0;
			};
		};
/* End XCRemoteSwiftPackageReference section */

/* Begin XCSwiftPackageProductDependency section */
		AD02F96828E4847B00323E4A /* Zip */ = {
			isa = XCSwiftPackageProductDependency;
			package = AD02F96728E4847B00323E4A /* XCRemoteSwiftPackageReference "Zip" */;
			productName = Zip;
		};
		AD4D8D8928D3163200CD2740 /* Toast */ = {
			isa = XCSwiftPackageProductDependency;
			package = AD4D8D8828D3163200CD2740 /* XCRemoteSwiftPackageReference "Toast-Swift" */;
			productName = Toast;
		};
		AD5039AF28DC33AE004E328E /* PanModal */ = {
			isa = XCSwiftPackageProductDependency;
			package = AD5039AE28DC33AE004E328E /* XCRemoteSwiftPackageReference "PanModal" */;
			productName = PanModal;
		};
		AD9B72AF28DC308B00EBE70A /* Realm */ = {
			isa = XCSwiftPackageProductDependency;
			package = AD9B72AE28DC308B00EBE70A /* XCRemoteSwiftPackageReference "realm-swift" */;
			productName = Realm;
		};
		AD9B72B128DC308B00EBE70A /* RealmSwift */ = {
			isa = XCSwiftPackageProductDependency;
			package = AD9B72AE28DC308B00EBE70A /* XCRemoteSwiftPackageReference "realm-swift" */;
			productName = RealmSwift;
		};
		ADBDE5FD28F54C1D00745991 /* FirebaseAnalyticsWithoutAdIdSupport */ = {
			isa = XCSwiftPackageProductDependency;
			package = ADBDE5FC28F54C1D00745991 /* XCRemoteSwiftPackageReference "firebase-ios-sdk" */;
			productName = FirebaseAnalyticsWithoutAdIdSupport;
		};
		ADBDE5FF28F54C1D00745991 /* FirebaseCrashlytics */ = {
			isa = XCSwiftPackageProductDependency;
			package = ADBDE5FC28F54C1D00745991 /* XCRemoteSwiftPackageReference "firebase-ios-sdk" */;
			productName = FirebaseCrashlytics;
		};
		ADBDE60128F54C1D00745991 /* FirebaseMessaging */ = {
			isa = XCSwiftPackageProductDependency;
			package = ADBDE5FC28F54C1D00745991 /* XCRemoteSwiftPackageReference "firebase-ios-sdk" */;
			productName = FirebaseMessaging;
		};
		ADCFAA7628D060410027656F /* SnapKit */ = {
			isa = XCSwiftPackageProductDependency;
			package = ADCFAA7528D060410027656F /* XCRemoteSwiftPackageReference "SnapKit" */;
			productName = SnapKit;
		};
		ADEEE90728EB553F008F9BB1 /* AcknowList */ = {
			isa = XCSwiftPackageProductDependency;
			package = ADEEE90628EB553F008F9BB1 /* XCRemoteSwiftPackageReference "AcknowList" */;
			productName = AcknowList;
		};
/* End XCSwiftPackageProductDependency section */
	};
	rootObject = ADCFAA4628D058640027656F /* Project object */;
}
