// !$*UTF8*$!
{
	archiveVersion = 1;
	classes = {
	};
	objectVersion = 55;
	objects = {

/* Begin PBXBuildFile section */
		AD08D71628DA1A6F00AB0156 /* MapViewModel.swift in Sources */ = {isa = PBXBuildFile; fileRef = AD08D71528DA1A6F00AB0156 /* MapViewModel.swift */; };
		AD4D8D8128D306DF00CD2740 /* SearchViewController.swift in Sources */ = {isa = PBXBuildFile; fileRef = AD4D8D8028D306DF00CD2740 /* SearchViewController.swift */; };
		AD4D8D8528D30F7A00CD2740 /* SearchTableViewCell.swift in Sources */ = {isa = PBXBuildFile; fileRef = AD4D8D8428D30F7A00CD2740 /* SearchTableViewCell.swift */; };
		AD4D8D8A28D3163200CD2740 /* Toast in Frameworks */ = {isa = PBXBuildFile; productRef = AD4D8D8928D3163200CD2740 /* Toast */; };
		AD5039B028DC33AE004E328E /* PanModal in Frameworks */ = {isa = PBXBuildFile; productRef = AD5039AF28DC33AE004E328E /* PanModal */; };
		AD5039B228DC6882004E328E /* CharacterImageView.swift in Sources */ = {isa = PBXBuildFile; fileRef = AD5039B128DC6882004E328E /* CharacterImageView.swift */; };
		AD5039B428DC78E1004E328E /* SwipeAction+Extension.swift in Sources */ = {isa = PBXBuildFile; fileRef = AD5039B328DC78E1004E328E /* SwipeAction+Extension.swift */; };
		AD67DF1328D46B85004A2734 /* LocationHelper.swift in Sources */ = {isa = PBXBuildFile; fileRef = AD67DF1228D46B85004A2734 /* LocationHelper.swift */; };
		AD67DF1528D47307004A2734 /* CustomAnnotations.swift in Sources */ = {isa = PBXBuildFile; fileRef = AD67DF1428D47307004A2734 /* CustomAnnotations.swift */; };
		AD93E66C28D092B700680F3A /* HistoriesViewController.swift in Sources */ = {isa = PBXBuildFile; fileRef = AD93E66B28D092B700680F3A /* HistoriesViewController.swift */; };
		AD93E66E28D092D000680F3A /* HistoriesView.swift in Sources */ = {isa = PBXBuildFile; fileRef = AD93E66D28D092D000680F3A /* HistoriesView.swift */; };
		AD93E67028D0936400680F3A /* TabBarImages.swift in Sources */ = {isa = PBXBuildFile; fileRef = AD93E66F28D0936400680F3A /* TabBarImages.swift */; };
		AD94896428D5825E00BAC3B8 /* AnnotationData.swift in Sources */ = {isa = PBXBuildFile; fileRef = AD94896328D5825E00BAC3B8 /* AnnotationData.swift */; };
		AD94896628D5831E00BAC3B8 /* CustomCallout.swift in Sources */ = {isa = PBXBuildFile; fileRef = AD94896528D5831E00BAC3B8 /* CustomCallout.swift */; };
		AD94896828D58A4F00BAC3B8 /* SharingListTableViewCell.swift in Sources */ = {isa = PBXBuildFile; fileRef = AD94896728D58A4F00BAC3B8 /* SharingListTableViewCell.swift */; };
		AD94896A28D58AB100BAC3B8 /* BaseLabel.swift in Sources */ = {isa = PBXBuildFile; fileRef = AD94896928D58AB100BAC3B8 /* BaseLabel.swift */; };
		AD94896E28D58C6D00BAC3B8 /* CompanionViewModel.swift in Sources */ = {isa = PBXBuildFile; fileRef = AD94896D28D58C6D00BAC3B8 /* CompanionViewModel.swift */; };
		AD9B72B028DC308B00EBE70A /* Realm in Frameworks */ = {isa = PBXBuildFile; productRef = AD9B72AF28DC308B00EBE70A /* Realm */; };
		AD9B72B228DC308B00EBE70A /* RealmSwift in Frameworks */ = {isa = PBXBuildFile; productRef = AD9B72B128DC308B00EBE70A /* RealmSwift */; };
		ADAA1D4128D5987C00A60C61 /* AlertMessage+Extension.swift in Sources */ = {isa = PBXBuildFile; fileRef = ADAA1D4028D5987C00A60C61 /* AlertMessage+Extension.swift */; };
		ADAA1D4328D5B5C000A60C61 /* BaseButton.swift in Sources */ = {isa = PBXBuildFile; fileRef = ADAA1D4228D5B5C000A60C61 /* BaseButton.swift */; };
		ADAA1D4728D5D04300A60C61 /* HistoriesTableViewCell.swift in Sources */ = {isa = PBXBuildFile; fileRef = ADAA1D4628D5D04300A60C61 /* HistoriesTableViewCell.swift */; };
		ADAA1D4928D5D0DF00A60C61 /* TripHistories.swift in Sources */ = {isa = PBXBuildFile; fileRef = ADAA1D4828D5D0DF00A60C61 /* TripHistories.swift */; };
		ADAA1D4B28D5D14100A60C61 /* HistoriesViewModel.swift in Sources */ = {isa = PBXBuildFile; fileRef = ADAA1D4A28D5D14100A60C61 /* HistoriesViewModel.swift */; };
		ADBE769E28D84D6F00B1579E /* CurrentTrip+Realm.swift in Sources */ = {isa = PBXBuildFile; fileRef = ADBE769D28D84D6F00B1579E /* CurrentTrip+Realm.swift */; };
		ADBE76A028D84D8200B1579E /* TripHistory+Realm.swift in Sources */ = {isa = PBXBuildFile; fileRef = ADBE769F28D84D8200B1579E /* TripHistory+Realm.swift */; };
		ADBE76A228D858BB00B1579E /* CurrentTrip+Repository.swift in Sources */ = {isa = PBXBuildFile; fileRef = ADBE76A128D858BB00B1579E /* CurrentTrip+Repository.swift */; };
		ADBE76A428D858C900B1579E /* TripHistory+Repository.swift in Sources */ = {isa = PBXBuildFile; fileRef = ADBE76A328D858C900B1579E /* TripHistory+Repository.swift */; };
		ADC20A5228D0DAE2004F94F4 /* Reusable+Protocol.swift in Sources */ = {isa = PBXBuildFile; fileRef = ADC20A5128D0DAE2004F94F4 /* Reusable+Protocol.swift */; };
		ADC20A5428D0DB0C004F94F4 /* BaseTableViewCell.swift in Sources */ = {isa = PBXBuildFile; fileRef = ADC20A5328D0DB0C004F94F4 /* BaseTableViewCell.swift */; };
		ADC20A5628D0DC99004F94F4 /* SettingsTableViewCell.swift in Sources */ = {isa = PBXBuildFile; fileRef = ADC20A5528D0DC99004F94F4 /* SettingsTableViewCell.swift */; };
		ADC20A5C28D0E140004F94F4 /* SettingsLabelTexts.swift in Sources */ = {isa = PBXBuildFile; fileRef = ADC20A5B28D0E140004F94F4 /* SettingsLabelTexts.swift */; };
		ADC20A6728D0E506004F94F4 /* CustomCGFloats.swift in Sources */ = {isa = PBXBuildFile; fileRef = ADC20A6628D0E506004F94F4 /* CustomCGFloats.swift */; };
		ADC20A6928D0F317004F94F4 /* BaseTableView.swift in Sources */ = {isa = PBXBuildFile; fileRef = ADC20A6828D0F317004F94F4 /* BaseTableView.swift */; };
		ADC7566028D97E5C00A2B41C /* StartingViewController.swift in Sources */ = {isa = PBXBuildFile; fileRef = ADC7565F28D97E5C00A2B41C /* StartingViewController.swift */; };
		ADC7566228D97EC900A2B41C /* StartingView.swift in Sources */ = {isa = PBXBuildFile; fileRef = ADC7566128D97EC900A2B41C /* StartingView.swift */; };
		ADC7566428D9822600A2B41C /* CharacterImageData.swift in Sources */ = {isa = PBXBuildFile; fileRef = ADC7566328D9822600A2B41C /* CharacterImageData.swift */; };
		ADC7566728D99CB900A2B41C /* IQKeyboardManagerSwift in Frameworks */ = {isa = PBXBuildFile; productRef = ADC7566628D99CB900A2B41C /* IQKeyboardManagerSwift */; };
		ADC7566A28D9A51400A2B41C /* UserDefaultsHelper.swift in Sources */ = {isa = PBXBuildFile; fileRef = ADC7566928D9A51400A2B41C /* UserDefaultsHelper.swift */; };
		ADC7566C28D9B3FA00A2B41C /* StartingViewModel.swift in Sources */ = {isa = PBXBuildFile; fileRef = ADC7566B28D9B3FA00A2B41C /* StartingViewModel.swift */; };
		ADCFAA5228D058640027656F /* AppDelegate.swift in Sources */ = {isa = PBXBuildFile; fileRef = ADCFAA5128D058640027656F /* AppDelegate.swift */; };
		ADCFAA5428D058640027656F /* SceneDelegate.swift in Sources */ = {isa = PBXBuildFile; fileRef = ADCFAA5328D058640027656F /* SceneDelegate.swift */; };
		ADCFAA5928D058640027656F /* Main.storyboard in Resources */ = {isa = PBXBuildFile; fileRef = ADCFAA5728D058640027656F /* Main.storyboard */; };
		ADCFAA5B28D058670027656F /* Assets.xcassets in Resources */ = {isa = PBXBuildFile; fileRef = ADCFAA5A28D058670027656F /* Assets.xcassets */; };
		ADCFAA5E28D058670027656F /* LaunchScreen.storyboard in Resources */ = {isa = PBXBuildFile; fileRef = ADCFAA5C28D058670027656F /* LaunchScreen.storyboard */; };
		ADCFAA6628D05C9C0027656F /* MainTapBarController.swift in Sources */ = {isa = PBXBuildFile; fileRef = ADCFAA6528D05C9C0027656F /* MainTapBarController.swift */; };
		ADCFAA6828D05E980027656F /* MapViewController.swift in Sources */ = {isa = PBXBuildFile; fileRef = ADCFAA6728D05E980027656F /* MapViewController.swift */; };
		ADCFAA6B28D05ED00027656F /* BaseViewController.swift in Sources */ = {isa = PBXBuildFile; fileRef = ADCFAA6A28D05ED00027656F /* BaseViewController.swift */; };
		ADCFAA6D28D05F460027656F /* BaseView.swift in Sources */ = {isa = PBXBuildFile; fileRef = ADCFAA6C28D05F460027656F /* BaseView.swift */; };
		ADCFAA7728D060410027656F /* SnapKit in Frameworks */ = {isa = PBXBuildFile; productRef = ADCFAA7628D060410027656F /* SnapKit */; };
		ADCFAA8028D063720027656F /* Observable.swift in Sources */ = {isa = PBXBuildFile; fileRef = ADCFAA7F28D063720027656F /* Observable.swift */; };
		ADCFAA8D28D066630027656F /* SharingListViewController.swift in Sources */ = {isa = PBXBuildFile; fileRef = ADCFAA8C28D066630027656F /* SharingListViewController.swift */; };
		ADCFAA8F28D069260027656F /* SharingListView.swift in Sources */ = {isa = PBXBuildFile; fileRef = ADCFAA8E28D069260027656F /* SharingListView.swift */; };
		ADCFAA9228D069EB0027656F /* SettingsViewController.swift in Sources */ = {isa = PBXBuildFile; fileRef = ADCFAA9128D069EB0027656F /* SettingsViewController.swift */; };
		ADCFAA9428D069F70027656F /* SettingsView.swift in Sources */ = {isa = PBXBuildFile; fileRef = ADCFAA9328D069F70027656F /* SettingsView.swift */; };
		ADCFAA9728D073F90027656F /* AlertLocation+Extension.swift in Sources */ = {isa = PBXBuildFile; fileRef = ADCFAA9628D073F90027656F /* AlertLocation+Extension.swift */; };
		ADCFAA9C28D0781C0027656F /* TabBarTitles.swift in Sources */ = {isa = PBXBuildFile; fileRef = ADCFAA9B28D0781C0027656F /* TabBarTitles.swift */; };
		ADF1D5B228DB5DF800DDB171 /* BaseTextField.swift in Sources */ = {isa = PBXBuildFile; fileRef = ADF1D5B128DB5DF800DDB171 /* BaseTextField.swift */; };
		ADF1D5B428DB680600DDB171 /* CircleButton.swift in Sources */ = {isa = PBXBuildFile; fileRef = ADF1D5B328DB680600DDB171 /* CircleButton.swift */; };
		ADF1D5B628DB730400DDB171 /* CustomStackView.swift in Sources */ = {isa = PBXBuildFile; fileRef = ADF1D5B528DB730400DDB171 /* CustomStackView.swift */; };
		ADF6166D28DAD3ED00151B6E /* DestinationsViewController.swift in Sources */ = {isa = PBXBuildFile; fileRef = ADF6166C28DAD3ED00151B6E /* DestinationsViewController.swift */; };
		ADF6166F28DAD42A00151B6E /* DestinationsView.swift in Sources */ = {isa = PBXBuildFile; fileRef = ADF6166E28DAD42A00151B6E /* DestinationsView.swift */; };
		ADF6167128DAD4D600151B6E /* DestinationsTableViewCell.swift in Sources */ = {isa = PBXBuildFile; fileRef = ADF6167028DAD4D600151B6E /* DestinationsTableViewCell.swift */; };
		ADF6167928DAE93900151B6E /* Companions+Realm.swift in Sources */ = {isa = PBXBuildFile; fileRef = ADF6167828DAE93900151B6E /* Companions+Realm.swift */; };
		ADF6167B28DAEA1800151B6E /* Companions+Repository.swift in Sources */ = {isa = PBXBuildFile; fileRef = ADF6167A28DAEA1800151B6E /* Companions+Repository.swift */; };
/* End PBXBuildFile section */

/* Begin PBXFileReference section */
		AD08D71528DA1A6F00AB0156 /* MapViewModel.swift */ = {isa = PBXFileReference; lastKnownFileType = sourcecode.swift; path = MapViewModel.swift; sourceTree = "<group>"; };
		AD4D8D8028D306DF00CD2740 /* SearchViewController.swift */ = {isa = PBXFileReference; lastKnownFileType = sourcecode.swift; path = SearchViewController.swift; sourceTree = "<group>"; };
		AD4D8D8428D30F7A00CD2740 /* SearchTableViewCell.swift */ = {isa = PBXFileReference; lastKnownFileType = sourcecode.swift; path = SearchTableViewCell.swift; sourceTree = "<group>"; };
		AD5039B128DC6882004E328E /* CharacterImageView.swift */ = {isa = PBXFileReference; lastKnownFileType = sourcecode.swift; path = CharacterImageView.swift; sourceTree = "<group>"; };
		AD5039B328DC78E1004E328E /* SwipeAction+Extension.swift */ = {isa = PBXFileReference; lastKnownFileType = sourcecode.swift; path = "SwipeAction+Extension.swift"; sourceTree = "<group>"; };
		AD67DF1228D46B85004A2734 /* LocationHelper.swift */ = {isa = PBXFileReference; lastKnownFileType = sourcecode.swift; path = LocationHelper.swift; sourceTree = "<group>"; };
		AD67DF1428D47307004A2734 /* CustomAnnotations.swift */ = {isa = PBXFileReference; lastKnownFileType = sourcecode.swift; path = CustomAnnotations.swift; sourceTree = "<group>"; };
		AD93E66B28D092B700680F3A /* HistoriesViewController.swift */ = {isa = PBXFileReference; lastKnownFileType = sourcecode.swift; path = HistoriesViewController.swift; sourceTree = "<group>"; };
		AD93E66D28D092D000680F3A /* HistoriesView.swift */ = {isa = PBXFileReference; lastKnownFileType = sourcecode.swift; path = HistoriesView.swift; sourceTree = "<group>"; };
		AD93E66F28D0936400680F3A /* TabBarImages.swift */ = {isa = PBXFileReference; lastKnownFileType = sourcecode.swift; path = TabBarImages.swift; sourceTree = "<group>"; };
		AD94896328D5825E00BAC3B8 /* AnnotationData.swift */ = {isa = PBXFileReference; lastKnownFileType = sourcecode.swift; path = AnnotationData.swift; sourceTree = "<group>"; };
		AD94896528D5831E00BAC3B8 /* CustomCallout.swift */ = {isa = PBXFileReference; lastKnownFileType = sourcecode.swift; path = CustomCallout.swift; sourceTree = "<group>"; };
		AD94896728D58A4F00BAC3B8 /* SharingListTableViewCell.swift */ = {isa = PBXFileReference; lastKnownFileType = sourcecode.swift; path = SharingListTableViewCell.swift; sourceTree = "<group>"; };
		AD94896928D58AB100BAC3B8 /* BaseLabel.swift */ = {isa = PBXFileReference; lastKnownFileType = sourcecode.swift; path = BaseLabel.swift; sourceTree = "<group>"; };
		AD94896D28D58C6D00BAC3B8 /* CompanionViewModel.swift */ = {isa = PBXFileReference; lastKnownFileType = sourcecode.swift; path = CompanionViewModel.swift; sourceTree = "<group>"; };
		ADAA1D4028D5987C00A60C61 /* AlertMessage+Extension.swift */ = {isa = PBXFileReference; lastKnownFileType = sourcecode.swift; path = "AlertMessage+Extension.swift"; sourceTree = "<group>"; };
		ADAA1D4228D5B5C000A60C61 /* BaseButton.swift */ = {isa = PBXFileReference; lastKnownFileType = sourcecode.swift; path = BaseButton.swift; sourceTree = "<group>"; };
		ADAA1D4628D5D04300A60C61 /* HistoriesTableViewCell.swift */ = {isa = PBXFileReference; lastKnownFileType = sourcecode.swift; path = HistoriesTableViewCell.swift; sourceTree = "<group>"; };
		ADAA1D4828D5D0DF00A60C61 /* TripHistories.swift */ = {isa = PBXFileReference; lastKnownFileType = sourcecode.swift; path = TripHistories.swift; sourceTree = "<group>"; };
		ADAA1D4A28D5D14100A60C61 /* HistoriesViewModel.swift */ = {isa = PBXFileReference; lastKnownFileType = sourcecode.swift; path = HistoriesViewModel.swift; sourceTree = "<group>"; };
		ADBE769D28D84D6F00B1579E /* CurrentTrip+Realm.swift */ = {isa = PBXFileReference; lastKnownFileType = sourcecode.swift; path = "CurrentTrip+Realm.swift"; sourceTree = "<group>"; };
		ADBE769F28D84D8200B1579E /* TripHistory+Realm.swift */ = {isa = PBXFileReference; lastKnownFileType = sourcecode.swift; path = "TripHistory+Realm.swift"; sourceTree = "<group>"; };
		ADBE76A128D858BB00B1579E /* CurrentTrip+Repository.swift */ = {isa = PBXFileReference; lastKnownFileType = sourcecode.swift; path = "CurrentTrip+Repository.swift"; sourceTree = "<group>"; };
		ADBE76A328D858C900B1579E /* TripHistory+Repository.swift */ = {isa = PBXFileReference; lastKnownFileType = sourcecode.swift; path = "TripHistory+Repository.swift"; sourceTree = "<group>"; };
		ADC20A5128D0DAE2004F94F4 /* Reusable+Protocol.swift */ = {isa = PBXFileReference; lastKnownFileType = sourcecode.swift; path = "Reusable+Protocol.swift"; sourceTree = "<group>"; };
		ADC20A5328D0DB0C004F94F4 /* BaseTableViewCell.swift */ = {isa = PBXFileReference; lastKnownFileType = sourcecode.swift; path = BaseTableViewCell.swift; sourceTree = "<group>"; };
		ADC20A5528D0DC99004F94F4 /* SettingsTableViewCell.swift */ = {isa = PBXFileReference; lastKnownFileType = sourcecode.swift; path = SettingsTableViewCell.swift; sourceTree = "<group>"; };
		ADC20A5B28D0E140004F94F4 /* SettingsLabelTexts.swift */ = {isa = PBXFileReference; lastKnownFileType = sourcecode.swift; path = SettingsLabelTexts.swift; sourceTree = "<group>"; };
		ADC20A6628D0E506004F94F4 /* CustomCGFloats.swift */ = {isa = PBXFileReference; lastKnownFileType = sourcecode.swift; path = CustomCGFloats.swift; sourceTree = "<group>"; };
		ADC20A6828D0F317004F94F4 /* BaseTableView.swift */ = {isa = PBXFileReference; lastKnownFileType = sourcecode.swift; path = BaseTableView.swift; sourceTree = "<group>"; };
		ADC7565F28D97E5C00A2B41C /* StartingViewController.swift */ = {isa = PBXFileReference; lastKnownFileType = sourcecode.swift; path = StartingViewController.swift; sourceTree = "<group>"; };
		ADC7566128D97EC900A2B41C /* StartingView.swift */ = {isa = PBXFileReference; lastKnownFileType = sourcecode.swift; path = StartingView.swift; sourceTree = "<group>"; };
		ADC7566328D9822600A2B41C /* CharacterImageData.swift */ = {isa = PBXFileReference; lastKnownFileType = sourcecode.swift; path = CharacterImageData.swift; sourceTree = "<group>"; };
		ADC7566928D9A51400A2B41C /* UserDefaultsHelper.swift */ = {isa = PBXFileReference; lastKnownFileType = sourcecode.swift; path = UserDefaultsHelper.swift; sourceTree = "<group>"; };
		ADC7566B28D9B3FA00A2B41C /* StartingViewModel.swift */ = {isa = PBXFileReference; lastKnownFileType = sourcecode.swift; path = StartingViewModel.swift; sourceTree = "<group>"; };
		ADCFAA4E28D058640027656F /* ShareMyTrip.app */ = {isa = PBXFileReference; explicitFileType = wrapper.application; includeInIndex = 0; path = ShareMyTrip.app; sourceTree = BUILT_PRODUCTS_DIR; };
		ADCFAA5128D058640027656F /* AppDelegate.swift */ = {isa = PBXFileReference; lastKnownFileType = sourcecode.swift; path = AppDelegate.swift; sourceTree = "<group>"; };
		ADCFAA5328D058640027656F /* SceneDelegate.swift */ = {isa = PBXFileReference; lastKnownFileType = sourcecode.swift; path = SceneDelegate.swift; sourceTree = "<group>"; };
		ADCFAA5828D058640027656F /* Base */ = {isa = PBXFileReference; lastKnownFileType = file.storyboard; name = Base; path = Base.lproj/Main.storyboard; sourceTree = "<group>"; };
		ADCFAA5A28D058670027656F /* Assets.xcassets */ = {isa = PBXFileReference; lastKnownFileType = folder.assetcatalog; path = Assets.xcassets; sourceTree = "<group>"; };
		ADCFAA5D28D058670027656F /* Base */ = {isa = PBXFileReference; lastKnownFileType = file.storyboard; name = Base; path = Base.lproj/LaunchScreen.storyboard; sourceTree = "<group>"; };
		ADCFAA5F28D058670027656F /* Info.plist */ = {isa = PBXFileReference; lastKnownFileType = text.plist.xml; path = Info.plist; sourceTree = "<group>"; };
		ADCFAA6528D05C9C0027656F /* MainTapBarController.swift */ = {isa = PBXFileReference; lastKnownFileType = sourcecode.swift; path = MainTapBarController.swift; sourceTree = "<group>"; };
		ADCFAA6728D05E980027656F /* MapViewController.swift */ = {isa = PBXFileReference; lastKnownFileType = sourcecode.swift; path = MapViewController.swift; sourceTree = "<group>"; };
		ADCFAA6A28D05ED00027656F /* BaseViewController.swift */ = {isa = PBXFileReference; lastKnownFileType = sourcecode.swift; path = BaseViewController.swift; sourceTree = "<group>"; };
		ADCFAA6C28D05F460027656F /* BaseView.swift */ = {isa = PBXFileReference; lastKnownFileType = sourcecode.swift; path = BaseView.swift; sourceTree = "<group>"; };
		ADCFAA7F28D063720027656F /* Observable.swift */ = {isa = PBXFileReference; lastKnownFileType = sourcecode.swift; path = Observable.swift; sourceTree = "<group>"; };
		ADCFAA8C28D066630027656F /* SharingListViewController.swift */ = {isa = PBXFileReference; lastKnownFileType = sourcecode.swift; path = SharingListViewController.swift; sourceTree = "<group>"; };
		ADCFAA8E28D069260027656F /* SharingListView.swift */ = {isa = PBXFileReference; lastKnownFileType = sourcecode.swift; path = SharingListView.swift; sourceTree = "<group>"; };
		ADCFAA9128D069EB0027656F /* SettingsViewController.swift */ = {isa = PBXFileReference; lastKnownFileType = sourcecode.swift; path = SettingsViewController.swift; sourceTree = "<group>"; };
		ADCFAA9328D069F70027656F /* SettingsView.swift */ = {isa = PBXFileReference; lastKnownFileType = sourcecode.swift; path = SettingsView.swift; sourceTree = "<group>"; };
		ADCFAA9628D073F90027656F /* AlertLocation+Extension.swift */ = {isa = PBXFileReference; lastKnownFileType = sourcecode.swift; name = "AlertLocation+Extension.swift"; path = "../../../AlertLocation+Extension.swift"; sourceTree = "<group>"; };
		ADCFAA9B28D0781C0027656F /* TabBarTitles.swift */ = {isa = PBXFileReference; lastKnownFileType = sourcecode.swift; path = TabBarTitles.swift; sourceTree = "<group>"; };
		ADF1D5B128DB5DF800DDB171 /* BaseTextField.swift */ = {isa = PBXFileReference; lastKnownFileType = sourcecode.swift; path = BaseTextField.swift; sourceTree = "<group>"; };
		ADF1D5B328DB680600DDB171 /* CircleButton.swift */ = {isa = PBXFileReference; lastKnownFileType = sourcecode.swift; path = CircleButton.swift; sourceTree = "<group>"; };
		ADF1D5B528DB730400DDB171 /* CustomStackView.swift */ = {isa = PBXFileReference; lastKnownFileType = sourcecode.swift; path = CustomStackView.swift; sourceTree = "<group>"; };
		ADF6166C28DAD3ED00151B6E /* DestinationsViewController.swift */ = {isa = PBXFileReference; lastKnownFileType = sourcecode.swift; path = DestinationsViewController.swift; sourceTree = "<group>"; };
		ADF6166E28DAD42A00151B6E /* DestinationsView.swift */ = {isa = PBXFileReference; lastKnownFileType = sourcecode.swift; path = DestinationsView.swift; sourceTree = "<group>"; };
		ADF6167028DAD4D600151B6E /* DestinationsTableViewCell.swift */ = {isa = PBXFileReference; lastKnownFileType = sourcecode.swift; path = DestinationsTableViewCell.swift; sourceTree = "<group>"; };
		ADF6167828DAE93900151B6E /* Companions+Realm.swift */ = {isa = PBXFileReference; lastKnownFileType = sourcecode.swift; path = "Companions+Realm.swift"; sourceTree = "<group>"; };
		ADF6167A28DAEA1800151B6E /* Companions+Repository.swift */ = {isa = PBXFileReference; lastKnownFileType = sourcecode.swift; path = "Companions+Repository.swift"; sourceTree = "<group>"; };
/* End PBXFileReference section */

/* Begin PBXFrameworksBuildPhase section */
		ADCFAA4B28D058640027656F /* Frameworks */ = {
			isa = PBXFrameworksBuildPhase;
			buildActionMask = 2147483647;
			files = (
				AD9B72B228DC308B00EBE70A /* RealmSwift in Frameworks */,
				ADC7566728D99CB900A2B41C /* IQKeyboardManagerSwift in Frameworks */,
				AD5039B028DC33AE004E328E /* PanModal in Frameworks */,
				AD4D8D8A28D3163200CD2740 /* Toast in Frameworks */,
				ADCFAA7728D060410027656F /* SnapKit in Frameworks */,
				AD9B72B028DC308B00EBE70A /* Realm in Frameworks */,
			);
			runOnlyForDeploymentPostprocessing = 0;
		};
/* End PBXFrameworksBuildPhase section */

/* Begin PBXGroup section */
		AD4D8D7F28D306C400CD2740 /* SearchResults */ = {
			isa = PBXGroup;
			children = (
				AD4D8D8028D306DF00CD2740 /* SearchViewController.swift */,
				AD4D8D8428D30F7A00CD2740 /* SearchTableViewCell.swift */,
			);
			path = SearchResults;
			sourceTree = "<group>";
		};
		AD93E66A28D0928D00680F3A /* Histories */ = {
			isa = PBXGroup;
			children = (
				AD93E66B28D092B700680F3A /* HistoriesViewController.swift */,
				AD93E66D28D092D000680F3A /* HistoriesView.swift */,
				ADAA1D4628D5D04300A60C61 /* HistoriesTableViewCell.swift */,
			);
			path = Histories;
			sourceTree = "<group>";
		};
		ADBE769628D8451100B1579E /* RealmData */ = {
			isa = PBXGroup;
			children = (
				ADBE769D28D84D6F00B1579E /* CurrentTrip+Realm.swift */,
				ADF6167828DAE93900151B6E /* Companions+Realm.swift */,
				ADBE769F28D84D8200B1579E /* TripHistory+Realm.swift */,
				ADBE76A128D858BB00B1579E /* CurrentTrip+Repository.swift */,
				ADF6167A28DAEA1800151B6E /* Companions+Repository.swift */,
				ADBE76A328D858C900B1579E /* TripHistory+Repository.swift */,
			);
			path = RealmData;
			sourceTree = "<group>";
		};
		ADC20A5028D0DACA004F94F4 /* Protocols */ = {
			isa = PBXGroup;
			children = (
				ADC20A5128D0DAE2004F94F4 /* Reusable+Protocol.swift */,
			);
			path = Protocols;
			sourceTree = "<group>";
		};
		ADC20A6528D0E4F4004F94F4 /* Data */ = {
			isa = PBXGroup;
			children = (
				ADC20A6628D0E506004F94F4 /* CustomCGFloats.swift */,
				AD67DF1428D47307004A2734 /* CustomAnnotations.swift */,
				ADC7566328D9822600A2B41C /* CharacterImageData.swift */,
				ADAA1D4828D5D0DF00A60C61 /* TripHistories.swift */,
			);
			path = Data;
			sourceTree = "<group>";
		};
		ADC7565E28D97E3800A2B41C /* Starting */ = {
			isa = PBXGroup;
			children = (
				ADC7565F28D97E5C00A2B41C /* StartingViewController.swift */,
				ADC7566128D97EC900A2B41C /* StartingView.swift */,
			);
			path = Starting;
			sourceTree = "<group>";
		};
		ADC7566828D9A50300A2B41C /* DataManager */ = {
			isa = PBXGroup;
			children = (
				ADC7566928D9A51400A2B41C /* UserDefaultsHelper.swift */,
				AD67DF1228D46B85004A2734 /* LocationHelper.swift */,
			);
			path = DataManager;
			sourceTree = "<group>";
		};
		ADCFAA4528D058640027656F = {
			isa = PBXGroup;
			children = (
				ADCFAA5028D058640027656F /* ShareMyTrip */,
				ADCFAA4F28D058640027656F /* Products */,
			);
			sourceTree = "<group>";
		};
		ADCFAA4F28D058640027656F /* Products */ = {
			isa = PBXGroup;
			children = (
				ADCFAA4E28D058640027656F /* ShareMyTrip.app */,
			);
			name = Products;
			sourceTree = "<group>";
		};
		ADCFAA5028D058640027656F /* ShareMyTrip */ = {
			isa = PBXGroup;
			children = (
				ADCFAA5128D058640027656F /* AppDelegate.swift */,
				ADCFAA5328D058640027656F /* SceneDelegate.swift */,
				ADBE769628D8451100B1579E /* RealmData */,
				ADC20A6528D0E4F4004F94F4 /* Data */,
				ADC7566828D9A50300A2B41C /* DataManager */,
				ADC20A5028D0DACA004F94F4 /* Protocols */,
				ADCFAA9A28D078090027656F /* Enums */,
				ADCFAA8528D064B90027656F /* Extensions */,
				ADCFAA7E28D063640027656F /* ViewModels */,
				ADCFAA6928D05EA00027656F /* Customs */,
				ADC7565E28D97E3800A2B41C /* Starting */,
				ADCFAA8228D063C80027656F /* TabBar */,
				ADCFAA8128D063A10027656F /* Maps */,
				AD4D8D7F28D306C400CD2740 /* SearchResults */,
				ADCFAA8B28D066440027656F /* SharingList */,
				ADF6166B28DAD35C00151B6E /* Destinations */,
				AD93E66A28D0928D00680F3A /* Histories */,
				ADCFAA9028D069CC0027656F /* Settings */,
				ADCFAA5728D058640027656F /* Main.storyboard */,
				ADCFAA5A28D058670027656F /* Assets.xcassets */,
				ADCFAA5C28D058670027656F /* LaunchScreen.storyboard */,
				ADCFAA5F28D058670027656F /* Info.plist */,
			);
			path = ShareMyTrip;
			sourceTree = "<group>";
		};
		ADCFAA6928D05EA00027656F /* Customs */ = {
			isa = PBXGroup;
			children = (
				AD94896328D5825E00BAC3B8 /* AnnotationData.swift */,
				AD94896528D5831E00BAC3B8 /* CustomCallout.swift */,
				ADCFAA6A28D05ED00027656F /* BaseViewController.swift */,
				ADCFAA6C28D05F460027656F /* BaseView.swift */,
				ADC20A6828D0F317004F94F4 /* BaseTableView.swift */,
				ADC20A5328D0DB0C004F94F4 /* BaseTableViewCell.swift */,
				AD94896928D58AB100BAC3B8 /* BaseLabel.swift */,
				ADF1D5B328DB680600DDB171 /* CircleButton.swift */,
				ADAA1D4228D5B5C000A60C61 /* BaseButton.swift */,
				ADF1D5B128DB5DF800DDB171 /* BaseTextField.swift */,
				ADF1D5B528DB730400DDB171 /* CustomStackView.swift */,
				AD5039B128DC6882004E328E /* CharacterImageView.swift */,
			);
			path = Customs;
			sourceTree = "<group>";
		};
		ADCFAA7E28D063640027656F /* ViewModels */ = {
			isa = PBXGroup;
			children = (
				ADCFAA7F28D063720027656F /* Observable.swift */,
				ADC7566B28D9B3FA00A2B41C /* StartingViewModel.swift */,
				AD08D71528DA1A6F00AB0156 /* MapViewModel.swift */,
				AD94896D28D58C6D00BAC3B8 /* CompanionViewModel.swift */,
				ADAA1D4A28D5D14100A60C61 /* HistoriesViewModel.swift */,
			);
			path = ViewModels;
			sourceTree = "<group>";
		};
		ADCFAA8128D063A10027656F /* Maps */ = {
			isa = PBXGroup;
			children = (
				ADCFAA6728D05E980027656F /* MapViewController.swift */,
			);
			path = Maps;
			sourceTree = "<group>";
		};
		ADCFAA8228D063C80027656F /* TabBar */ = {
			isa = PBXGroup;
			children = (
				ADCFAA6528D05C9C0027656F /* MainTapBarController.swift */,
			);
			path = TabBar;
			sourceTree = "<group>";
		};
		ADCFAA8528D064B90027656F /* Extensions */ = {
			isa = PBXGroup;
			children = (
				ADCFAA9628D073F90027656F /* AlertLocation+Extension.swift */,
				ADAA1D4028D5987C00A60C61 /* AlertMessage+Extension.swift */,
				AD5039B328DC78E1004E328E /* SwipeAction+Extension.swift */,
			);
			path = Extensions;
			sourceTree = "<group>";
		};
		ADCFAA8B28D066440027656F /* SharingList */ = {
			isa = PBXGroup;
			children = (
				ADCFAA8C28D066630027656F /* SharingListViewController.swift */,
				ADCFAA8E28D069260027656F /* SharingListView.swift */,
				AD94896728D58A4F00BAC3B8 /* SharingListTableViewCell.swift */,
			);
			path = SharingList;
			sourceTree = "<group>";
		};
		ADCFAA9028D069CC0027656F /* Settings */ = {
			isa = PBXGroup;
			children = (
				ADCFAA9128D069EB0027656F /* SettingsViewController.swift */,
				ADCFAA9328D069F70027656F /* SettingsView.swift */,
				ADC20A5528D0DC99004F94F4 /* SettingsTableViewCell.swift */,
			);
			path = Settings;
			sourceTree = "<group>";
		};
		ADCFAA9A28D078090027656F /* Enums */ = {
			isa = PBXGroup;
			children = (
				ADCFAA9B28D0781C0027656F /* TabBarTitles.swift */,
				AD93E66F28D0936400680F3A /* TabBarImages.swift */,
				ADC20A5B28D0E140004F94F4 /* SettingsLabelTexts.swift */,
			);
			path = Enums;
			sourceTree = "<group>";
		};
		ADF6166B28DAD35C00151B6E /* Destinations */ = {
			isa = PBXGroup;
			children = (
				ADF6166C28DAD3ED00151B6E /* DestinationsViewController.swift */,
				ADF6166E28DAD42A00151B6E /* DestinationsView.swift */,
				ADF6167028DAD4D600151B6E /* DestinationsTableViewCell.swift */,
			);
			path = Destinations;
			sourceTree = "<group>";
		};
/* End PBXGroup section */

/* Begin PBXNativeTarget section */
		ADCFAA4D28D058640027656F /* ShareMyTrip */ = {
			isa = PBXNativeTarget;
			buildConfigurationList = ADCFAA6228D058670027656F /* Build configuration list for PBXNativeTarget "ShareMyTrip" */;
			buildPhases = (
				ADCFAA4A28D058640027656F /* Sources */,
				ADCFAA4B28D058640027656F /* Frameworks */,
				ADCFAA4C28D058640027656F /* Resources */,
			);
			buildRules = (
			);
			dependencies = (
			);
			name = ShareMyTrip;
			packageProductDependencies = (
				ADCFAA7628D060410027656F /* SnapKit */,
				AD4D8D8928D3163200CD2740 /* Toast */,
				ADC7566628D99CB900A2B41C /* IQKeyboardManagerSwift */,
				AD9B72AF28DC308B00EBE70A /* Realm */,
				AD9B72B128DC308B00EBE70A /* RealmSwift */,
				AD5039AF28DC33AE004E328E /* PanModal */,
			);
			productName = ShareMyTrip;
			productReference = ADCFAA4E28D058640027656F /* ShareMyTrip.app */;
			productType = "com.apple.product-type.application";
		};
/* End PBXNativeTarget section */

/* Begin PBXProject section */
		ADCFAA4628D058640027656F /* Project object */ = {
			isa = PBXProject;
			attributes = {
				BuildIndependentTargetsInParallel = 1;
				LastSwiftUpdateCheck = 1340;
				LastUpgradeCheck = 1340;
				TargetAttributes = {
					ADCFAA4D28D058640027656F = {
						CreatedOnToolsVersion = 13.4.1;
					};
				};
			};
			buildConfigurationList = ADCFAA4928D058640027656F /* Build configuration list for PBXProject "ShareMyTrip" */;
			compatibilityVersion = "Xcode 13.0";
			developmentRegion = en;
			hasScannedForEncodings = 0;
			knownRegions = (
				en,
				Base,
			);
			mainGroup = ADCFAA4528D058640027656F;
			packageReferences = (
				ADCFAA7528D060410027656F /* XCRemoteSwiftPackageReference "SnapKit" */,
				AD4D8D8828D3163200CD2740 /* XCRemoteSwiftPackageReference "Toast-Swift" */,
				ADC7566528D99CB900A2B41C /* XCRemoteSwiftPackageReference "IQKeyboardManager" */,
				AD9B72AE28DC308B00EBE70A /* XCRemoteSwiftPackageReference "realm-swift" */,
				AD5039AE28DC33AE004E328E /* XCRemoteSwiftPackageReference "PanModal" */,
			);
			productRefGroup = ADCFAA4F28D058640027656F /* Products */;
			projectDirPath = "";
			projectRoot = "";
			targets = (
				ADCFAA4D28D058640027656F /* ShareMyTrip */,
			);
		};
/* End PBXProject section */

/* Begin PBXResourcesBuildPhase section */
		ADCFAA4C28D058640027656F /* Resources */ = {
			isa = PBXResourcesBuildPhase;
			buildActionMask = 2147483647;
			files = (
				ADCFAA5E28D058670027656F /* LaunchScreen.storyboard in Resources */,
				ADCFAA5B28D058670027656F /* Assets.xcassets in Resources */,
				ADCFAA5928D058640027656F /* Main.storyboard in Resources */,
			);
			runOnlyForDeploymentPostprocessing = 0;
		};
/* End PBXResourcesBuildPhase section */

/* Begin PBXSourcesBuildPhase section */
		ADCFAA4A28D058640027656F /* Sources */ = {
			isa = PBXSourcesBuildPhase;
			buildActionMask = 2147483647;
			files = (
				ADAA1D4728D5D04300A60C61 /* HistoriesTableViewCell.swift in Sources */,
				ADBE769E28D84D6F00B1579E /* CurrentTrip+Realm.swift in Sources */,
				ADCFAA9428D069F70027656F /* SettingsView.swift in Sources */,
				AD94896A28D58AB100BAC3B8 /* BaseLabel.swift in Sources */,
				ADCFAA9728D073F90027656F /* AlertLocation+Extension.swift in Sources */,
				ADF1D5B228DB5DF800DDB171 /* BaseTextField.swift in Sources */,
				ADC20A5C28D0E140004F94F4 /* SettingsLabelTexts.swift in Sources */,
				AD94896628D5831E00BAC3B8 /* CustomCallout.swift in Sources */,
				ADF6167B28DAEA1800151B6E /* Companions+Repository.swift in Sources */,
				ADC20A5628D0DC99004F94F4 /* SettingsTableViewCell.swift in Sources */,
				ADC7566028D97E5C00A2B41C /* StartingViewController.swift in Sources */,
				ADF6166D28DAD3ED00151B6E /* DestinationsViewController.swift in Sources */,
				AD5039B428DC78E1004E328E /* SwipeAction+Extension.swift in Sources */,
				ADCFAA8028D063720027656F /* Observable.swift in Sources */,
				ADBE76A228D858BB00B1579E /* CurrentTrip+Repository.swift in Sources */,
				ADF1D5B628DB730400DDB171 /* CustomStackView.swift in Sources */,
				ADF6167928DAE93900151B6E /* Companions+Realm.swift in Sources */,
				AD08D71628DA1A6F00AB0156 /* MapViewModel.swift in Sources */,
				AD94896428D5825E00BAC3B8 /* AnnotationData.swift in Sources */,
				AD93E66E28D092D000680F3A /* HistoriesView.swift in Sources */,
				AD93E66C28D092B700680F3A /* HistoriesViewController.swift in Sources */,
				ADC20A6928D0F317004F94F4 /* BaseTableView.swift in Sources */,
				ADF1D5B428DB680600DDB171 /* CircleButton.swift in Sources */,
				AD4D8D8528D30F7A00CD2740 /* SearchTableViewCell.swift in Sources */,
				AD67DF1528D47307004A2734 /* CustomAnnotations.swift in Sources */,
				AD94896E28D58C6D00BAC3B8 /* CompanionViewModel.swift in Sources */,
				ADC7566A28D9A51400A2B41C /* UserDefaultsHelper.swift in Sources */,
				AD5039B228DC6882004E328E /* CharacterImageView.swift in Sources */,
				ADCFAA9C28D0781C0027656F /* TabBarTitles.swift in Sources */,
				ADF6167128DAD4D600151B6E /* DestinationsTableViewCell.swift in Sources */,
				AD67DF1328D46B85004A2734 /* LocationHelper.swift in Sources */,
				ADAA1D4928D5D0DF00A60C61 /* TripHistories.swift in Sources */,
				ADC7566428D9822600A2B41C /* CharacterImageData.swift in Sources */,
				ADC7566C28D9B3FA00A2B41C /* StartingViewModel.swift in Sources */,
				ADC20A5228D0DAE2004F94F4 /* Reusable+Protocol.swift in Sources */,
				ADCFAA6B28D05ED00027656F /* BaseViewController.swift in Sources */,
				AD94896828D58A4F00BAC3B8 /* SharingListTableViewCell.swift in Sources */,
				ADC7566228D97EC900A2B41C /* StartingView.swift in Sources */,
				ADCFAA6628D05C9C0027656F /* MainTapBarController.swift in Sources */,
				ADCFAA5228D058640027656F /* AppDelegate.swift in Sources */,
				ADBE76A028D84D8200B1579E /* TripHistory+Realm.swift in Sources */,
				ADCFAA6D28D05F460027656F /* BaseView.swift in Sources */,
				ADAA1D4128D5987C00A60C61 /* AlertMessage+Extension.swift in Sources */,
				ADCFAA8F28D069260027656F /* SharingListView.swift in Sources */,
				ADCFAA9228D069EB0027656F /* SettingsViewController.swift in Sources */,
				ADCFAA5428D058640027656F /* SceneDelegate.swift in Sources */,
				ADBE76A428D858C900B1579E /* TripHistory+Repository.swift in Sources */,
				ADCFAA8D28D066630027656F /* SharingListViewController.swift in Sources */,
				ADCFAA6828D05E980027656F /* MapViewController.swift in Sources */,
				ADC20A5428D0DB0C004F94F4 /* BaseTableViewCell.swift in Sources */,
				ADAA1D4328D5B5C000A60C61 /* BaseButton.swift in Sources */,
				AD93E67028D0936400680F3A /* TabBarImages.swift in Sources */,
				ADAA1D4B28D5D14100A60C61 /* HistoriesViewModel.swift in Sources */,
				ADF6166F28DAD42A00151B6E /* DestinationsView.swift in Sources */,
				ADC20A6728D0E506004F94F4 /* CustomCGFloats.swift in Sources */,
				AD4D8D8128D306DF00CD2740 /* SearchViewController.swift in Sources */,
			);
			runOnlyForDeploymentPostprocessing = 0;
		};
/* End PBXSourcesBuildPhase section */

/* Begin PBXVariantGroup section */
		ADCFAA5728D058640027656F /* Main.storyboard */ = {
			isa = PBXVariantGroup;
			children = (
				ADCFAA5828D058640027656F /* Base */,
			);
			name = Main.storyboard;
			sourceTree = "<group>";
		};
		ADCFAA5C28D058670027656F /* LaunchScreen.storyboard */ = {
			isa = PBXVariantGroup;
			children = (
				ADCFAA5D28D058670027656F /* Base */,
			);
			name = LaunchScreen.storyboard;
			sourceTree = "<group>";
		};
/* End PBXVariantGroup section */

/* Begin XCBuildConfiguration section */
		ADCFAA6028D058670027656F /* Debug */ = {
			isa = XCBuildConfiguration;
			buildSettings = {
				ALWAYS_SEARCH_USER_PATHS = NO;
				CLANG_ANALYZER_NONNULL = YES;
				CLANG_ANALYZER_NUMBER_OBJECT_CONVERSION = YES_AGGRESSIVE;
				CLANG_CXX_LANGUAGE_STANDARD = "gnu++17";
				CLANG_ENABLE_MODULES = YES;
				CLANG_ENABLE_OBJC_ARC = YES;
				CLANG_ENABLE_OBJC_WEAK = YES;
				CLANG_WARN_BLOCK_CAPTURE_AUTORELEASING = YES;
				CLANG_WARN_BOOL_CONVERSION = YES;
				CLANG_WARN_COMMA = YES;
				CLANG_WARN_CONSTANT_CONVERSION = YES;
				CLANG_WARN_DEPRECATED_OBJC_IMPLEMENTATIONS = YES;
				CLANG_WARN_DIRECT_OBJC_ISA_USAGE = YES_ERROR;
				CLANG_WARN_DOCUMENTATION_COMMENTS = YES;
				CLANG_WARN_EMPTY_BODY = YES;
				CLANG_WARN_ENUM_CONVERSION = YES;
				CLANG_WARN_INFINITE_RECURSION = YES;
				CLANG_WARN_INT_CONVERSION = YES;
				CLANG_WARN_NON_LITERAL_NULL_CONVERSION = YES;
				CLANG_WARN_OBJC_IMPLICIT_RETAIN_SELF = YES;
				CLANG_WARN_OBJC_LITERAL_CONVERSION = YES;
				CLANG_WARN_OBJC_ROOT_CLASS = YES_ERROR;
				CLANG_WARN_QUOTED_INCLUDE_IN_FRAMEWORK_HEADER = YES;
				CLANG_WARN_RANGE_LOOP_ANALYSIS = YES;
				CLANG_WARN_STRICT_PROTOTYPES = YES;
				CLANG_WARN_SUSPICIOUS_MOVE = YES;
				CLANG_WARN_UNGUARDED_AVAILABILITY = YES_AGGRESSIVE;
				CLANG_WARN_UNREACHABLE_CODE = YES;
				CLANG_WARN__DUPLICATE_METHOD_MATCH = YES;
				COPY_PHASE_STRIP = NO;
				DEBUG_INFORMATION_FORMAT = dwarf;
				ENABLE_STRICT_OBJC_MSGSEND = YES;
				ENABLE_TESTABILITY = YES;
				GCC_C_LANGUAGE_STANDARD = gnu11;
				GCC_DYNAMIC_NO_PIC = NO;
				GCC_NO_COMMON_BLOCKS = YES;
				GCC_OPTIMIZATION_LEVEL = 0;
				GCC_PREPROCESSOR_DEFINITIONS = (
					"DEBUG=1",
					"$(inherited)",
				);
				GCC_WARN_64_TO_32_BIT_CONVERSION = YES;
				GCC_WARN_ABOUT_RETURN_TYPE = YES_ERROR;
				GCC_WARN_UNDECLARED_SELECTOR = YES;
				GCC_WARN_UNINITIALIZED_AUTOS = YES_AGGRESSIVE;
				GCC_WARN_UNUSED_FUNCTION = YES;
				GCC_WARN_UNUSED_VARIABLE = YES;
				IPHONEOS_DEPLOYMENT_TARGET = 15.0;
				MTL_ENABLE_DEBUG_INFO = INCLUDE_SOURCE;
				MTL_FAST_MATH = YES;
				ONLY_ACTIVE_ARCH = YES;
				SDKROOT = iphoneos;
				SWIFT_ACTIVE_COMPILATION_CONDITIONS = DEBUG;
				SWIFT_OPTIMIZATION_LEVEL = "-Onone";
			};
			name = Debug;
		};
		ADCFAA6128D058670027656F /* Release */ = {
			isa = XCBuildConfiguration;
			buildSettings = {
				ALWAYS_SEARCH_USER_PATHS = NO;
				CLANG_ANALYZER_NONNULL = YES;
				CLANG_ANALYZER_NUMBER_OBJECT_CONVERSION = YES_AGGRESSIVE;
				CLANG_CXX_LANGUAGE_STANDARD = "gnu++17";
				CLANG_ENABLE_MODULES = YES;
				CLANG_ENABLE_OBJC_ARC = YES;
				CLANG_ENABLE_OBJC_WEAK = YES;
				CLANG_WARN_BLOCK_CAPTURE_AUTORELEASING = YES;
				CLANG_WARN_BOOL_CONVERSION = YES;
				CLANG_WARN_COMMA = YES;
				CLANG_WARN_CONSTANT_CONVERSION = YES;
				CLANG_WARN_DEPRECATED_OBJC_IMPLEMENTATIONS = YES;
				CLANG_WARN_DIRECT_OBJC_ISA_USAGE = YES_ERROR;
				CLANG_WARN_DOCUMENTATION_COMMENTS = YES;
				CLANG_WARN_EMPTY_BODY = YES;
				CLANG_WARN_ENUM_CONVERSION = YES;
				CLANG_WARN_INFINITE_RECURSION = YES;
				CLANG_WARN_INT_CONVERSION = YES;
				CLANG_WARN_NON_LITERAL_NULL_CONVERSION = YES;
				CLANG_WARN_OBJC_IMPLICIT_RETAIN_SELF = YES;
				CLANG_WARN_OBJC_LITERAL_CONVERSION = YES;
				CLANG_WARN_OBJC_ROOT_CLASS = YES_ERROR;
				CLANG_WARN_QUOTED_INCLUDE_IN_FRAMEWORK_HEADER = YES;
				CLANG_WARN_RANGE_LOOP_ANALYSIS = YES;
				CLANG_WARN_STRICT_PROTOTYPES = YES;
				CLANG_WARN_SUSPICIOUS_MOVE = YES;
				CLANG_WARN_UNGUARDED_AVAILABILITY = YES_AGGRESSIVE;
				CLANG_WARN_UNREACHABLE_CODE = YES;
				CLANG_WARN__DUPLICATE_METHOD_MATCH = YES;
				COPY_PHASE_STRIP = NO;
				DEBUG_INFORMATION_FORMAT = "dwarf-with-dsym";
				ENABLE_NS_ASSERTIONS = NO;
				ENABLE_STRICT_OBJC_MSGSEND = YES;
				GCC_C_LANGUAGE_STANDARD = gnu11;
				GCC_NO_COMMON_BLOCKS = YES;
				GCC_WARN_64_TO_32_BIT_CONVERSION = YES;
				GCC_WARN_ABOUT_RETURN_TYPE = YES_ERROR;
				GCC_WARN_UNDECLARED_SELECTOR = YES;
				GCC_WARN_UNINITIALIZED_AUTOS = YES_AGGRESSIVE;
				GCC_WARN_UNUSED_FUNCTION = YES;
				GCC_WARN_UNUSED_VARIABLE = YES;
				IPHONEOS_DEPLOYMENT_TARGET = 15.0;
				MTL_ENABLE_DEBUG_INFO = NO;
				MTL_FAST_MATH = YES;
				SDKROOT = iphoneos;
				SWIFT_COMPILATION_MODE = wholemodule;
				SWIFT_OPTIMIZATION_LEVEL = "-O";
				VALIDATE_PRODUCT = YES;
			};
			name = Release;
		};
		ADCFAA6328D058670027656F /* Debug */ = {
			isa = XCBuildConfiguration;
			buildSettings = {
				ASSETCATALOG_COMPILER_APPICON_NAME = AppIcon;
				ASSETCATALOG_COMPILER_GLOBAL_ACCENT_COLOR_NAME = AccentColor;
				CODE_SIGN_STYLE = Automatic;
				CURRENT_PROJECT_VERSION = 1;
				DEVELOPMENT_TEAM = DLA597KS3F;
				GENERATE_INFOPLIST_FILE = YES;
				INFOPLIST_FILE = ShareMyTrip/Info.plist;
				INFOPLIST_KEY_UIApplicationSupportsIndirectInputEvents = YES;
				INFOPLIST_KEY_UILaunchStoryboardName = LaunchScreen;
				INFOPLIST_KEY_UIMainStoryboardFile = Main;
				INFOPLIST_KEY_UISupportedInterfaceOrientations_iPad = "UIInterfaceOrientationPortrait UIInterfaceOrientationPortraitUpsideDown UIInterfaceOrientationLandscapeLeft UIInterfaceOrientationLandscapeRight";
				INFOPLIST_KEY_UISupportedInterfaceOrientations_iPhone = UIInterfaceOrientationPortrait;
				IPHONEOS_DEPLOYMENT_TARGET = 15.0;
				LD_RUNPATH_SEARCH_PATHS = (
					"$(inherited)",
					"@executable_path/Frameworks",
				);
				MARKETING_VERSION = 1.0;
				PRODUCT_BUNDLE_IDENTIFIER = com.jhee.ShareMyTrip;
				PRODUCT_NAME = "$(TARGET_NAME)";
				SUPPORTED_PLATFORMS = "iphoneos iphonesimulator";
				SUPPORTS_MACCATALYST = NO;
				SUPPORTS_MAC_DESIGNED_FOR_IPHONE_IPAD = NO;
				SWIFT_EMIT_LOC_STRINGS = YES;
				SWIFT_VERSION = 5.0;
				TARGETED_DEVICE_FAMILY = 1;
			};
			name = Debug;
		};
		ADCFAA6428D058670027656F /* Release */ = {
			isa = XCBuildConfiguration;
			buildSettings = {
				ASSETCATALOG_COMPILER_APPICON_NAME = AppIcon;
				ASSETCATALOG_COMPILER_GLOBAL_ACCENT_COLOR_NAME = AccentColor;
				CODE_SIGN_STYLE = Automatic;
				CURRENT_PROJECT_VERSION = 1;
				DEVELOPMENT_TEAM = DLA597KS3F;
				GENERATE_INFOPLIST_FILE = YES;
				INFOPLIST_FILE = ShareMyTrip/Info.plist;
				INFOPLIST_KEY_UIApplicationSupportsIndirectInputEvents = YES;
				INFOPLIST_KEY_UILaunchStoryboardName = LaunchScreen;
				INFOPLIST_KEY_UIMainStoryboardFile = Main;
				INFOPLIST_KEY_UISupportedInterfaceOrientations_iPad = "UIInterfaceOrientationPortrait UIInterfaceOrientationPortraitUpsideDown UIInterfaceOrientationLandscapeLeft UIInterfaceOrientationLandscapeRight";
				INFOPLIST_KEY_UISupportedInterfaceOrientations_iPhone = UIInterfaceOrientationPortrait;
				IPHONEOS_DEPLOYMENT_TARGET = 15.0;
				LD_RUNPATH_SEARCH_PATHS = (
					"$(inherited)",
					"@executable_path/Frameworks",
				);
				MARKETING_VERSION = 1.0;
				PRODUCT_BUNDLE_IDENTIFIER = com.jhee.ShareMyTrip;
				PRODUCT_NAME = "$(TARGET_NAME)";
				SUPPORTED_PLATFORMS = "iphoneos iphonesimulator";
				SUPPORTS_MACCATALYST = NO;
				SUPPORTS_MAC_DESIGNED_FOR_IPHONE_IPAD = NO;
				SWIFT_EMIT_LOC_STRINGS = YES;
				SWIFT_VERSION = 5.0;
				TARGETED_DEVICE_FAMILY = 1;
			};
			name = Release;
		};
/* End XCBuildConfiguration section */

/* Begin XCConfigurationList section */
		ADCFAA4928D058640027656F /* Build configuration list for PBXProject "ShareMyTrip" */ = {
			isa = XCConfigurationList;
			buildConfigurations = (
				ADCFAA6028D058670027656F /* Debug */,
				ADCFAA6128D058670027656F /* Release */,
			);
			defaultConfigurationIsVisible = 0;
			defaultConfigurationName = Release;
		};
		ADCFAA6228D058670027656F /* Build configuration list for PBXNativeTarget "ShareMyTrip" */ = {
			isa = XCConfigurationList;
			buildConfigurations = (
				ADCFAA6328D058670027656F /* Debug */,
				ADCFAA6428D058670027656F /* Release */,
			);
			defaultConfigurationIsVisible = 0;
			defaultConfigurationName = Release;
		};
/* End XCConfigurationList section */

/* Begin XCRemoteSwiftPackageReference section */
		AD4D8D8828D3163200CD2740 /* XCRemoteSwiftPackageReference "Toast-Swift" */ = {
			isa = XCRemoteSwiftPackageReference;
			repositoryURL = "https://github.com/scalessec/Toast-Swift.git";
			requirement = {
				kind = upToNextMajorVersion;
				minimumVersion = 5.0.0;
			};
		};
		AD5039AE28DC33AE004E328E /* XCRemoteSwiftPackageReference "PanModal" */ = {
			isa = XCRemoteSwiftPackageReference;
			repositoryURL = "https://github.com/slackhq/PanModal.git";
			requirement = {
				kind = upToNextMajorVersion;
				minimumVersion = 1.0.0;
			};
		};
		AD9B72AE28DC308B00EBE70A /* XCRemoteSwiftPackageReference "realm-swift" */ = {
			isa = XCRemoteSwiftPackageReference;
			repositoryURL = "https://github.com/realm/realm-swift.git";
			requirement = {
				kind = exactVersion;
				version = 10.30.0;
			};
		};
		ADC7566528D99CB900A2B41C /* XCRemoteSwiftPackageReference "IQKeyboardManager" */ = {
			isa = XCRemoteSwiftPackageReference;
			repositoryURL = "https://github.com/hackiftekhar/IQKeyboardManager.git";
			requirement = {
				kind = exactVersion;
				version = 6.5.0;
			};
		};
		ADCFAA7528D060410027656F /* XCRemoteSwiftPackageReference "SnapKit" */ = {
			isa = XCRemoteSwiftPackageReference;
			repositoryURL = "https://github.com/SnapKit/SnapKit.git";
			requirement = {
				kind = upToNextMajorVersion;
				minimumVersion = 5.0.0;
			};
		};
/* End XCRemoteSwiftPackageReference section */

/* Begin XCSwiftPackageProductDependency section */
		AD4D8D8928D3163200CD2740 /* Toast */ = {
			isa = XCSwiftPackageProductDependency;
			package = AD4D8D8828D3163200CD2740 /* XCRemoteSwiftPackageReference "Toast-Swift" */;
			productName = Toast;
		};
		AD5039AF28DC33AE004E328E /* PanModal */ = {
			isa = XCSwiftPackageProductDependency;
			package = AD5039AE28DC33AE004E328E /* XCRemoteSwiftPackageReference "PanModal" */;
			productName = PanModal;
		};
		AD9B72AF28DC308B00EBE70A /* Realm */ = {
			isa = XCSwiftPackageProductDependency;
			package = AD9B72AE28DC308B00EBE70A /* XCRemoteSwiftPackageReference "realm-swift" */;
			productName = Realm;
		};
		AD9B72B128DC308B00EBE70A /* RealmSwift */ = {
			isa = XCSwiftPackageProductDependency;
			package = AD9B72AE28DC308B00EBE70A /* XCRemoteSwiftPackageReference "realm-swift" */;
			productName = RealmSwift;
		};
		ADC7566628D99CB900A2B41C /* IQKeyboardManagerSwift */ = {
			isa = XCSwiftPackageProductDependency;
			package = ADC7566528D99CB900A2B41C /* XCRemoteSwiftPackageReference "IQKeyboardManager" */;
			productName = IQKeyboardManagerSwift;
		};
		ADCFAA7628D060410027656F /* SnapKit */ = {
			isa = XCSwiftPackageProductDependency;
			package = ADCFAA7528D060410027656F /* XCRemoteSwiftPackageReference "SnapKit" */;
			productName = SnapKit;
		};
/* End XCSwiftPackageProductDependency section */
	};
	rootObject = ADCFAA4628D058640027656F /* Project object */;
}
